
Microsoft Visual Studio Solution File, Format Version 12.00
# Visual Studio Version 16
VisualStudioVersion = 16.0.30404.54
MinimumVisualStudioVersion = 10.0.40219.1
Project("{2150E333-8FDC-42A3-9474-1A3956D46DE8}") = "Chapter01", "Chapter01", "{C3DADA36-959F-446E-96B3-2AEA409EEB6A}"
EndProject
Project("{2150E333-8FDC-42A3-9474-1A3956D46DE8}") = "Chapter02", "Chapter02", "{BD0D7B54-F07E-4079-A38D-F5A973E5E752}"
EndProject
Project("{2150E333-8FDC-42A3-9474-1A3956D46DE8}") = "Chapter03", "Chapter03", "{1986A7BE-98D2-437D-9BE7-DAACB653D476}"
EndProject
Project("{2150E333-8FDC-42A3-9474-1A3956D46DE8}") = "Chapter04", "Chapter04", "{8AA8CA3E-8A53-4E0F-A330-94A0A0E1B4D8}"
EndProject
Project("{2150E333-8FDC-42A3-9474-1A3956D46DE8}") = "Chapter05", "Chapter05", "{F0CDCF62-3E6F-468E-8B24-A077BB641F7C}"
EndProject
Project("{2150E333-8FDC-42A3-9474-1A3956D46DE8}") = "Chapter06", "Chapter06", "{BA3FCF1E-DCA1-4929-A257-0D9F4663F00F}"
EndProject
Project("{2150E333-8FDC-42A3-9474-1A3956D46DE8}") = "Chapter07", "Chapter07", "{C205DC34-5BEF-4845-96E9-72223E908234}"
EndProject
Project("{2150E333-8FDC-42A3-9474-1A3956D46DE8}") = "Chapter08", "Chapter08", "{FC57C175-656B-422B-92F7-5C15B0DED452}"
EndProject
Project("{2150E333-8FDC-42A3-9474-1A3956D46DE8}") = "Chapter09", "Chapter09", "{151A4006-1C48-425B-9121-1159CA482072}"
EndProject
Project("{9A19103F-16F7-4668-BE54-9A1E7A4F7556}") = "Section-1-1", "Chapter01\Section-1-1\Section-1-1.csproj", "{280DAA2E-709A-4B19-9915-6E71752545B5}"
EndProject
Project("{9A19103F-16F7-4668-BE54-9A1E7A4F7556}") = "Section-1-2", "Chapter01\Section-1-2\Section-1-2.csproj", "{87E974DF-514A-4EA6-886A-18F1BCE2C050}"
EndProject
Project("{9A19103F-16F7-4668-BE54-9A1E7A4F7556}") = "Section-1-3", "Chapter01\Section-1-3\Section-1-3.csproj", "{962B10AA-17A2-4D59-9D24-9BF64E933000}"
EndProject
Project("{9A19103F-16F7-4668-BE54-9A1E7A4F7556}") = "Section-1-4", "Chapter01\Section-1-4\Section-1-4.csproj", "{48D1960B-CCD2-4D57-B22F-6F30C384B63A}"
EndProject
Project("{2150E333-8FDC-42A3-9474-1A3956D46DE8}") = "Section-1-5", "Section-1-5", "{D89043EF-BE52-453A-A2FD-93F205D486FB}"
EndProject
Project("{2150E333-8FDC-42A3-9474-1A3956D46DE8}") = "SingleProject", "SingleProject", "{69FDCE44-DFD7-4A1A-B3C6-A030BA74DFAF}"
EndProject
Project("{2150E333-8FDC-42A3-9474-1A3956D46DE8}") = "SeparateData", "SeparateData", "{729D9F36-A831-4E6B-8199-753ACA56AEC5}"
EndProject
Project("{2150E333-8FDC-42A3-9474-1A3956D46DE8}") = "MultiLayer", "MultiLayer", "{66ED1729-2C9D-4622-91A9-D8706A1E19E3}"
EndProject
Project("{9A19103F-16F7-4668-BE54-9A1E7A4F7556}") = "SimpleApp", "Chapter01\Section-1-5\SingleProject\SimpleApp\SimpleApp.csproj", "{96A57A2B-D70E-49D3-B411-868A5F5C6FD2}"
EndProject
Project("{9A19103F-16F7-4668-BE54-9A1E7A4F7556}") = "SystemApp.Console", "Chapter01\Section-1-5\SeparateData\SystemApp.Console\SystemApp.Console.csproj", "{9E3A0368-C283-438D-8E63-F4D0FFECD730}"
EndProject
Project("{9A19103F-16F7-4668-BE54-9A1E7A4F7556}") = "SystemApp.Data", "Chapter01\Section-1-5\SeparateData\SystemApp.Data\SystemApp.Data.csproj", "{FDDD0DB9-7C4E-44F6-845A-9F62D81B59F8}"
EndProject
Project("{9A19103F-16F7-4668-BE54-9A1E7A4F7556}") = "EnterpriseApp.CmdLine", "Chapter01\Section-1-5\MultiLayer\EnterpriseApp.CmdLine\EnterpriseApp.CmdLine.csproj", "{A1ABCA33-A444-4E34-BA92-4EA839A1CAF6}"
EndProject
Project("{9A19103F-16F7-4668-BE54-9A1E7A4F7556}") = "EnterpriseApp", "Chapter01\Section-1-5\MultiLayer\EnterpriseApp\EnterpriseApp.csproj", "{BB6BC5E2-5E75-4728-AC09-785D19522F59}"
EndProject
Project("{9A19103F-16F7-4668-BE54-9A1E7A4F7556}") = "EnterpriseApp.Data", "Chapter01\Section-1-5\MultiLayer\EnterpriseApp.Data\EnterpriseApp.Data.csproj", "{E6F0C930-F939-4789-8898-783E180CB4D3}"
EndProject
Project("{9A19103F-16F7-4668-BE54-9A1E7A4F7556}") = "Section-1-6", "Chapter01\Section-1-6\Section-1-6.csproj", "{0523FD3D-3761-4962-8A1A-9CA15B2B2345}"
EndProject
Project("{9A19103F-16F7-4668-BE54-9A1E7A4F7556}") = "Section-1-7", "Chapter01\Section-1-7\Section-1-7.csproj", "{40F87F44-2ADC-45E4-80E9-77F9790BB550}"
EndProject
Project("{9A19103F-16F7-4668-BE54-9A1E7A4F7556}") = "Section-1-8", "Chapter01\Section-1-8\Section-1-8.csproj", "{0051E042-013B-4159-9F2C-786C71C3C4D4}"
EndProject
Project("{9A19103F-16F7-4668-BE54-9A1E7A4F7556}") = "Section-1-9", "Chapter01\Section-1-9\Section-1-9.csproj", "{149DA34B-1AB9-48E6-B2A2-8B288F7310CD}"
EndProject
Project("{9A19103F-16F7-4668-BE54-9A1E7A4F7556}") = "Section-1-10", "Chapter01\Section-1-10\Section-1-10.csproj", "{694CB7C6-4CE1-49E0-8DA2-7CF5CD1BF943}"
EndProject
Project("{9A19103F-16F7-4668-BE54-9A1E7A4F7556}") = "Section-02-01", "Chapter02\Section-02-01\Section-02-01.csproj", "{0CA880DA-D7B8-4A5D-A93E-A06831204DE2}"
EndProject
Project("{9A19103F-16F7-4668-BE54-9A1E7A4F7556}") = "Section-02-02", "Chapter02\Section-02-02\Section-02-02.csproj", "{B5E0BB04-8A6A-4CE7-9E66-A7A0950EDBA8}"
EndProject
Project("{9A19103F-16F7-4668-BE54-9A1E7A4F7556}") = "Section-02-03", "Chapter02\Section-02-03\Section-02-03.csproj", "{38D3E90C-6AC8-427B-8A03-6D733303256D}"
EndProject
Project("{9A19103F-16F7-4668-BE54-9A1E7A4F7556}") = "Section-02-04", "Chapter02\Section-02-04\Section-02-04.csproj", "{36A25BE1-8D07-408F-AD6A-06BCD97CF52D}"
EndProject
Project("{9A19103F-16F7-4668-BE54-9A1E7A4F7556}") = "Section-02-05", "Chapter02\Section-02-05\Section-02-05.csproj", "{E40CA65B-332A-4FF2-85CB-77FB33FC3540}"
EndProject
Project("{9A19103F-16F7-4668-BE54-9A1E7A4F7556}") = "Section-02-06", "Chapter02\Section-02-06\Section-02-06.csproj", "{23D29A0F-537D-40A4-8572-A57929327D35}"
EndProject
Project("{9A19103F-16F7-4668-BE54-9A1E7A4F7556}") = "Section-02-07", "Chapter02\Section-02-07\Section-02-07.csproj", "{1F27EF9E-CE3F-44DA-B281-6E0049F9B860}"
EndProject
Project("{9A19103F-16F7-4668-BE54-9A1E7A4F7556}") = "Section-02-08", "Chapter02\Section-02-08\Section-02-08.csproj", "{8A8704D7-E8A7-4471-B7C1-32AFB591284D}"
EndProject
Project("{9A19103F-16F7-4668-BE54-9A1E7A4F7556}") = "Section-02-09", "Chapter02\Section-02-09\Section-02-09.csproj", "{08AF3BCB-D619-474E-B639-9F738363ED1C}"
EndProject
Project("{9A19103F-16F7-4668-BE54-9A1E7A4F7556}") = "Section-02-10", "Chapter02\Section-02-10\Section-02-10.csproj", "{D1742438-5BB6-4A99-9F47-5BCF96F053FA}"
EndProject
Project("{9A19103F-16F7-4668-BE54-9A1E7A4F7556}") = "Section-03-02", "Chapter03\Section-03-02\Section-03-02.csproj", "{70416F6B-6834-4773-8898-74D65A7A7FBC}"
EndProject
Project("{9A19103F-16F7-4668-BE54-9A1E7A4F7556}") = "Section-03-03", "Chapter03\Section-03-03\Section-03-03.csproj", "{343DD2B4-47DA-40A7-91B3-48439B0A3ED2}"
EndProject
Project("{9A19103F-16F7-4668-BE54-9A1E7A4F7556}") = "Section-03-04", "Chapter03\Section-03-04\Section-03-04.csproj", "{C83A11F5-5EFC-41EE-8FB4-7FD0F199661E}"
EndProject
Project("{9A19103F-16F7-4668-BE54-9A1E7A4F7556}") = "Section-03-05", "Chapter03\Section-03-05\Section-03-05.csproj", "{D012FBD2-5360-4281-B50F-66CF90D1D48B}"
EndProject
Project("{9A19103F-16F7-4668-BE54-9A1E7A4F7556}") = "Section-03-06", "Chapter03\Section-03-06\Section-03-06.csproj", "{D2EBB393-D5B0-463A-AE9A-8899F6A97E3C}"
EndProject
Project("{9A19103F-16F7-4668-BE54-9A1E7A4F7556}") = "Section-03-07", "Chapter03\Section-03-07\Section-03-07.csproj", "{D10B5F87-9AF6-4C94-BD6B-8865AE544FA9}"
EndProject
Project("{9A19103F-16F7-4668-BE54-9A1E7A4F7556}") = "Section-03-08", "Chapter03\Section-03-08\Section-03-08.csproj", "{FD49C7FD-693E-496C-94F4-C6632FB6E768}"
EndProject
Project("{9A19103F-16F7-4668-BE54-9A1E7A4F7556}") = "Section-03-09", "Chapter03\Section-03-09\Section-03-09.csproj", "{A317E6D3-AC2C-4489-B194-A28D6D2D8AFB}"
EndProject
Project("{9A19103F-16F7-4668-BE54-9A1E7A4F7556}") = "Section-03-10", "Chapter03\Section-03-10\Section-03-10.csproj", "{35D9A6DC-05FE-4D42-86FD-5429B7CE8247}"
EndProject
Project("{2150E333-8FDC-42A3-9474-1A3956D46DE8}") = "Section-03-01", "Section-03-01", "{48815373-9762-4151-85F1-927ABCF11D60}"
EndProject
Project("{9A19103F-16F7-4668-BE54-9A1E7A4F7556}") = "OrdersLibrary", "Chapter03\Section-03-01\OrdersLibrary\OrdersLibrary.csproj", "{62E75117-6960-4871-BB99-E62C5866422E}"
EndProject
Project("{9A19103F-16F7-4668-BE54-9A1E7A4F7556}") = "OrdersLibrary.Test", "OrdersLibrary.Test\OrdersLibrary.Test.csproj", "{D90A5D9F-6C9D-4C51-B26B-E8CAE7F21A7F}"
EndProject
Project("{9A19103F-16F7-4668-BE54-9A1E7A4F7556}") = "Section-04-01", "Chapter04\Section-04-01\Section-04-01.csproj", "{39A21329-7182-4FEA-BCE0-FAF941856D68}"
EndProject
Project("{FAE04EC0-301F-11D3-BF4B-00C04F79EFBC}") = "Section-04-02", "Chapter04\Section-04-02\Section-04-02.csproj", "{51FBA639-0E37-4BBC-8497-D6D35DB01E1B}"
EndProject
Project("{FAE04EC0-301F-11D3-BF4B-00C04F79EFBC}") = "Section-04-03", "Chapter04\Section-04-03\Section-04-03.csproj", "{56B59821-52A5-41CC-BA63-0C1DB136C479}"
EndProject
Project("{FAE04EC0-301F-11D3-BF4B-00C04F79EFBC}") = "Section-04-04", "Chapter04\Section-04-04\Section-04-04.csproj", "{9CA22B5F-C042-479E-9B71-5CFA141B06D9}"
EndProject
Project("{FAE04EC0-301F-11D3-BF4B-00C04F79EFBC}") = "Section-04-05", "Chapter04\Section-04-05\Section-04-05.csproj", "{9EAC0027-B13C-400A-B67E-0366298A8C21}"
EndProject
Project("{FAE04EC0-301F-11D3-BF4B-00C04F79EFBC}") = "Section-04-06", "Chapter04\Section-04-06\Section-04-06.csproj", "{70B61684-2DF6-4AEC-8D51-D349819D4B1D}"
EndProject
Project("{FAE04EC0-301F-11D3-BF4B-00C04F79EFBC}") = "Section-04-07", "Chapter04\Section-04-07\Section-04-07.csproj", "{9C7C022C-BDFE-467D-A33C-81850BAE61C1}"
EndProject
Project("{FAE04EC0-301F-11D3-BF4B-00C04F79EFBC}") = "Section-04-08", "Chapter04\Section-04-08\Section-04-08.csproj", "{6594B56D-1A4E-4E7E-A2E0-FC66E4A55565}"
EndProject
Project("{FAE04EC0-301F-11D3-BF4B-00C04F79EFBC}") = "Section-04-09", "Chapter04\Section-04-09\Section-04-09.csproj", "{3C3182EF-5D33-46EF-85EF-280BF046916C}"
EndProject
Project("{FAE04EC0-301F-11D3-BF4B-00C04F79EFBC}") = "Section-04-10", "Chapter04\Section-04-10\Section-04-10.csproj", "{34BE3D68-0032-4888-B4E9-C8C2F597F4BF}"
EndProject
Global
	GlobalSection(SolutionConfigurationPlatforms) = preSolution
		Debug|Any CPU = Debug|Any CPU
		Release|Any CPU = Release|Any CPU
	EndGlobalSection
	GlobalSection(ProjectConfigurationPlatforms) = postSolution
		{280DAA2E-709A-4B19-9915-6E71752545B5}.Debug|Any CPU.ActiveCfg = Debug|Any CPU
		{280DAA2E-709A-4B19-9915-6E71752545B5}.Debug|Any CPU.Build.0 = Debug|Any CPU
		{280DAA2E-709A-4B19-9915-6E71752545B5}.Release|Any CPU.ActiveCfg = Release|Any CPU
		{280DAA2E-709A-4B19-9915-6E71752545B5}.Release|Any CPU.Build.0 = Release|Any CPU
		{87E974DF-514A-4EA6-886A-18F1BCE2C050}.Debug|Any CPU.ActiveCfg = Debug|Any CPU
		{87E974DF-514A-4EA6-886A-18F1BCE2C050}.Debug|Any CPU.Build.0 = Debug|Any CPU
		{87E974DF-514A-4EA6-886A-18F1BCE2C050}.Release|Any CPU.ActiveCfg = Release|Any CPU
		{87E974DF-514A-4EA6-886A-18F1BCE2C050}.Release|Any CPU.Build.0 = Release|Any CPU
		{962B10AA-17A2-4D59-9D24-9BF64E933000}.Debug|Any CPU.ActiveCfg = Debug|Any CPU
		{962B10AA-17A2-4D59-9D24-9BF64E933000}.Debug|Any CPU.Build.0 = Debug|Any CPU
		{962B10AA-17A2-4D59-9D24-9BF64E933000}.Release|Any CPU.ActiveCfg = Release|Any CPU
		{962B10AA-17A2-4D59-9D24-9BF64E933000}.Release|Any CPU.Build.0 = Release|Any CPU
		{48D1960B-CCD2-4D57-B22F-6F30C384B63A}.Debug|Any CPU.ActiveCfg = Debug|Any CPU
		{48D1960B-CCD2-4D57-B22F-6F30C384B63A}.Debug|Any CPU.Build.0 = Debug|Any CPU
		{48D1960B-CCD2-4D57-B22F-6F30C384B63A}.Release|Any CPU.ActiveCfg = Release|Any CPU
		{48D1960B-CCD2-4D57-B22F-6F30C384B63A}.Release|Any CPU.Build.0 = Release|Any CPU
		{96A57A2B-D70E-49D3-B411-868A5F5C6FD2}.Debug|Any CPU.ActiveCfg = Debug|Any CPU
		{96A57A2B-D70E-49D3-B411-868A5F5C6FD2}.Debug|Any CPU.Build.0 = Debug|Any CPU
		{96A57A2B-D70E-49D3-B411-868A5F5C6FD2}.Release|Any CPU.ActiveCfg = Release|Any CPU
		{96A57A2B-D70E-49D3-B411-868A5F5C6FD2}.Release|Any CPU.Build.0 = Release|Any CPU
		{9E3A0368-C283-438D-8E63-F4D0FFECD730}.Debug|Any CPU.ActiveCfg = Debug|Any CPU
		{9E3A0368-C283-438D-8E63-F4D0FFECD730}.Debug|Any CPU.Build.0 = Debug|Any CPU
		{9E3A0368-C283-438D-8E63-F4D0FFECD730}.Release|Any CPU.ActiveCfg = Release|Any CPU
		{9E3A0368-C283-438D-8E63-F4D0FFECD730}.Release|Any CPU.Build.0 = Release|Any CPU
		{FDDD0DB9-7C4E-44F6-845A-9F62D81B59F8}.Debug|Any CPU.ActiveCfg = Debug|Any CPU
		{FDDD0DB9-7C4E-44F6-845A-9F62D81B59F8}.Debug|Any CPU.Build.0 = Debug|Any CPU
		{FDDD0DB9-7C4E-44F6-845A-9F62D81B59F8}.Release|Any CPU.ActiveCfg = Release|Any CPU
		{FDDD0DB9-7C4E-44F6-845A-9F62D81B59F8}.Release|Any CPU.Build.0 = Release|Any CPU
		{A1ABCA33-A444-4E34-BA92-4EA839A1CAF6}.Debug|Any CPU.ActiveCfg = Debug|Any CPU
		{A1ABCA33-A444-4E34-BA92-4EA839A1CAF6}.Debug|Any CPU.Build.0 = Debug|Any CPU
		{A1ABCA33-A444-4E34-BA92-4EA839A1CAF6}.Release|Any CPU.ActiveCfg = Release|Any CPU
		{A1ABCA33-A444-4E34-BA92-4EA839A1CAF6}.Release|Any CPU.Build.0 = Release|Any CPU
		{BB6BC5E2-5E75-4728-AC09-785D19522F59}.Debug|Any CPU.ActiveCfg = Debug|Any CPU
		{BB6BC5E2-5E75-4728-AC09-785D19522F59}.Debug|Any CPU.Build.0 = Debug|Any CPU
		{BB6BC5E2-5E75-4728-AC09-785D19522F59}.Release|Any CPU.ActiveCfg = Release|Any CPU
		{BB6BC5E2-5E75-4728-AC09-785D19522F59}.Release|Any CPU.Build.0 = Release|Any CPU
		{E6F0C930-F939-4789-8898-783E180CB4D3}.Debug|Any CPU.ActiveCfg = Debug|Any CPU
		{E6F0C930-F939-4789-8898-783E180CB4D3}.Debug|Any CPU.Build.0 = Debug|Any CPU
		{E6F0C930-F939-4789-8898-783E180CB4D3}.Release|Any CPU.ActiveCfg = Release|Any CPU
		{E6F0C930-F939-4789-8898-783E180CB4D3}.Release|Any CPU.Build.0 = Release|Any CPU
		{0523FD3D-3761-4962-8A1A-9CA15B2B2345}.Debug|Any CPU.ActiveCfg = Debug|Any CPU
		{0523FD3D-3761-4962-8A1A-9CA15B2B2345}.Debug|Any CPU.Build.0 = Debug|Any CPU
		{0523FD3D-3761-4962-8A1A-9CA15B2B2345}.Release|Any CPU.ActiveCfg = Release|Any CPU
		{0523FD3D-3761-4962-8A1A-9CA15B2B2345}.Release|Any CPU.Build.0 = Release|Any CPU
		{40F87F44-2ADC-45E4-80E9-77F9790BB550}.Debug|Any CPU.ActiveCfg = Debug|Any CPU
		{40F87F44-2ADC-45E4-80E9-77F9790BB550}.Debug|Any CPU.Build.0 = Debug|Any CPU
		{40F87F44-2ADC-45E4-80E9-77F9790BB550}.Release|Any CPU.ActiveCfg = Release|Any CPU
		{40F87F44-2ADC-45E4-80E9-77F9790BB550}.Release|Any CPU.Build.0 = Release|Any CPU
		{0051E042-013B-4159-9F2C-786C71C3C4D4}.Debug|Any CPU.ActiveCfg = Debug|Any CPU
		{0051E042-013B-4159-9F2C-786C71C3C4D4}.Debug|Any CPU.Build.0 = Debug|Any CPU
		{0051E042-013B-4159-9F2C-786C71C3C4D4}.Release|Any CPU.ActiveCfg = Release|Any CPU
		{0051E042-013B-4159-9F2C-786C71C3C4D4}.Release|Any CPU.Build.0 = Release|Any CPU
		{149DA34B-1AB9-48E6-B2A2-8B288F7310CD}.Debug|Any CPU.ActiveCfg = Debug|Any CPU
		{149DA34B-1AB9-48E6-B2A2-8B288F7310CD}.Debug|Any CPU.Build.0 = Debug|Any CPU
		{149DA34B-1AB9-48E6-B2A2-8B288F7310CD}.Release|Any CPU.ActiveCfg = Release|Any CPU
		{149DA34B-1AB9-48E6-B2A2-8B288F7310CD}.Release|Any CPU.Build.0 = Release|Any CPU
		{694CB7C6-4CE1-49E0-8DA2-7CF5CD1BF943}.Debug|Any CPU.ActiveCfg = Debug|Any CPU
		{694CB7C6-4CE1-49E0-8DA2-7CF5CD1BF943}.Debug|Any CPU.Build.0 = Debug|Any CPU
		{694CB7C6-4CE1-49E0-8DA2-7CF5CD1BF943}.Release|Any CPU.ActiveCfg = Release|Any CPU
		{694CB7C6-4CE1-49E0-8DA2-7CF5CD1BF943}.Release|Any CPU.Build.0 = Release|Any CPU
		{0CA880DA-D7B8-4A5D-A93E-A06831204DE2}.Debug|Any CPU.ActiveCfg = Debug|Any CPU
		{0CA880DA-D7B8-4A5D-A93E-A06831204DE2}.Debug|Any CPU.Build.0 = Debug|Any CPU
		{0CA880DA-D7B8-4A5D-A93E-A06831204DE2}.Release|Any CPU.ActiveCfg = Release|Any CPU
		{0CA880DA-D7B8-4A5D-A93E-A06831204DE2}.Release|Any CPU.Build.0 = Release|Any CPU
		{B5E0BB04-8A6A-4CE7-9E66-A7A0950EDBA8}.Debug|Any CPU.ActiveCfg = Debug|Any CPU
		{B5E0BB04-8A6A-4CE7-9E66-A7A0950EDBA8}.Debug|Any CPU.Build.0 = Debug|Any CPU
		{B5E0BB04-8A6A-4CE7-9E66-A7A0950EDBA8}.Release|Any CPU.ActiveCfg = Release|Any CPU
		{B5E0BB04-8A6A-4CE7-9E66-A7A0950EDBA8}.Release|Any CPU.Build.0 = Release|Any CPU
		{38D3E90C-6AC8-427B-8A03-6D733303256D}.Debug|Any CPU.ActiveCfg = Debug|Any CPU
		{38D3E90C-6AC8-427B-8A03-6D733303256D}.Debug|Any CPU.Build.0 = Debug|Any CPU
		{38D3E90C-6AC8-427B-8A03-6D733303256D}.Release|Any CPU.ActiveCfg = Release|Any CPU
		{38D3E90C-6AC8-427B-8A03-6D733303256D}.Release|Any CPU.Build.0 = Release|Any CPU
		{36A25BE1-8D07-408F-AD6A-06BCD97CF52D}.Debug|Any CPU.ActiveCfg = Debug|Any CPU
		{36A25BE1-8D07-408F-AD6A-06BCD97CF52D}.Debug|Any CPU.Build.0 = Debug|Any CPU
		{36A25BE1-8D07-408F-AD6A-06BCD97CF52D}.Release|Any CPU.ActiveCfg = Release|Any CPU
		{36A25BE1-8D07-408F-AD6A-06BCD97CF52D}.Release|Any CPU.Build.0 = Release|Any CPU
		{E40CA65B-332A-4FF2-85CB-77FB33FC3540}.Debug|Any CPU.ActiveCfg = Debug|Any CPU
		{E40CA65B-332A-4FF2-85CB-77FB33FC3540}.Debug|Any CPU.Build.0 = Debug|Any CPU
		{E40CA65B-332A-4FF2-85CB-77FB33FC3540}.Release|Any CPU.ActiveCfg = Release|Any CPU
		{E40CA65B-332A-4FF2-85CB-77FB33FC3540}.Release|Any CPU.Build.0 = Release|Any CPU
		{23D29A0F-537D-40A4-8572-A57929327D35}.Debug|Any CPU.ActiveCfg = Debug|Any CPU
		{23D29A0F-537D-40A4-8572-A57929327D35}.Debug|Any CPU.Build.0 = Debug|Any CPU
		{23D29A0F-537D-40A4-8572-A57929327D35}.Release|Any CPU.ActiveCfg = Release|Any CPU
		{23D29A0F-537D-40A4-8572-A57929327D35}.Release|Any CPU.Build.0 = Release|Any CPU
		{1F27EF9E-CE3F-44DA-B281-6E0049F9B860}.Debug|Any CPU.ActiveCfg = Debug|Any CPU
		{1F27EF9E-CE3F-44DA-B281-6E0049F9B860}.Debug|Any CPU.Build.0 = Debug|Any CPU
		{1F27EF9E-CE3F-44DA-B281-6E0049F9B860}.Release|Any CPU.ActiveCfg = Release|Any CPU
		{1F27EF9E-CE3F-44DA-B281-6E0049F9B860}.Release|Any CPU.Build.0 = Release|Any CPU
		{8A8704D7-E8A7-4471-B7C1-32AFB591284D}.Debug|Any CPU.ActiveCfg = Debug|Any CPU
		{8A8704D7-E8A7-4471-B7C1-32AFB591284D}.Debug|Any CPU.Build.0 = Debug|Any CPU
		{8A8704D7-E8A7-4471-B7C1-32AFB591284D}.Release|Any CPU.ActiveCfg = Release|Any CPU
		{8A8704D7-E8A7-4471-B7C1-32AFB591284D}.Release|Any CPU.Build.0 = Release|Any CPU
		{08AF3BCB-D619-474E-B639-9F738363ED1C}.Debug|Any CPU.ActiveCfg = Debug|Any CPU
		{08AF3BCB-D619-474E-B639-9F738363ED1C}.Debug|Any CPU.Build.0 = Debug|Any CPU
		{08AF3BCB-D619-474E-B639-9F738363ED1C}.Release|Any CPU.ActiveCfg = Release|Any CPU
		{08AF3BCB-D619-474E-B639-9F738363ED1C}.Release|Any CPU.Build.0 = Release|Any CPU
		{D1742438-5BB6-4A99-9F47-5BCF96F053FA}.Debug|Any CPU.ActiveCfg = Debug|Any CPU
		{D1742438-5BB6-4A99-9F47-5BCF96F053FA}.Debug|Any CPU.Build.0 = Debug|Any CPU
		{D1742438-5BB6-4A99-9F47-5BCF96F053FA}.Release|Any CPU.ActiveCfg = Release|Any CPU
		{D1742438-5BB6-4A99-9F47-5BCF96F053FA}.Release|Any CPU.Build.0 = Release|Any CPU
		{70416F6B-6834-4773-8898-74D65A7A7FBC}.Debug|Any CPU.ActiveCfg = Debug|Any CPU
		{70416F6B-6834-4773-8898-74D65A7A7FBC}.Debug|Any CPU.Build.0 = Debug|Any CPU
		{70416F6B-6834-4773-8898-74D65A7A7FBC}.Release|Any CPU.ActiveCfg = Release|Any CPU
		{70416F6B-6834-4773-8898-74D65A7A7FBC}.Release|Any CPU.Build.0 = Release|Any CPU
		{343DD2B4-47DA-40A7-91B3-48439B0A3ED2}.Debug|Any CPU.ActiveCfg = Debug|Any CPU
		{343DD2B4-47DA-40A7-91B3-48439B0A3ED2}.Debug|Any CPU.Build.0 = Debug|Any CPU
		{343DD2B4-47DA-40A7-91B3-48439B0A3ED2}.Release|Any CPU.ActiveCfg = Release|Any CPU
		{343DD2B4-47DA-40A7-91B3-48439B0A3ED2}.Release|Any CPU.Build.0 = Release|Any CPU
		{C83A11F5-5EFC-41EE-8FB4-7FD0F199661E}.Debug|Any CPU.ActiveCfg = Debug|Any CPU
		{C83A11F5-5EFC-41EE-8FB4-7FD0F199661E}.Debug|Any CPU.Build.0 = Debug|Any CPU
		{C83A11F5-5EFC-41EE-8FB4-7FD0F199661E}.Release|Any CPU.ActiveCfg = Release|Any CPU
		{C83A11F5-5EFC-41EE-8FB4-7FD0F199661E}.Release|Any CPU.Build.0 = Release|Any CPU
		{D012FBD2-5360-4281-B50F-66CF90D1D48B}.Debug|Any CPU.ActiveCfg = Debug|Any CPU
		{D012FBD2-5360-4281-B50F-66CF90D1D48B}.Debug|Any CPU.Build.0 = Debug|Any CPU
		{D012FBD2-5360-4281-B50F-66CF90D1D48B}.Release|Any CPU.ActiveCfg = Release|Any CPU
		{D012FBD2-5360-4281-B50F-66CF90D1D48B}.Release|Any CPU.Build.0 = Release|Any CPU
		{D2EBB393-D5B0-463A-AE9A-8899F6A97E3C}.Debug|Any CPU.ActiveCfg = Debug|Any CPU
		{D2EBB393-D5B0-463A-AE9A-8899F6A97E3C}.Debug|Any CPU.Build.0 = Debug|Any CPU
		{D2EBB393-D5B0-463A-AE9A-8899F6A97E3C}.Release|Any CPU.ActiveCfg = Release|Any CPU
		{D2EBB393-D5B0-463A-AE9A-8899F6A97E3C}.Release|Any CPU.Build.0 = Release|Any CPU
		{D10B5F87-9AF6-4C94-BD6B-8865AE544FA9}.Debug|Any CPU.ActiveCfg = Debug|Any CPU
		{D10B5F87-9AF6-4C94-BD6B-8865AE544FA9}.Debug|Any CPU.Build.0 = Debug|Any CPU
		{D10B5F87-9AF6-4C94-BD6B-8865AE544FA9}.Release|Any CPU.ActiveCfg = Release|Any CPU
		{D10B5F87-9AF6-4C94-BD6B-8865AE544FA9}.Release|Any CPU.Build.0 = Release|Any CPU
		{FD49C7FD-693E-496C-94F4-C6632FB6E768}.Debug|Any CPU.ActiveCfg = Debug|Any CPU
		{FD49C7FD-693E-496C-94F4-C6632FB6E768}.Debug|Any CPU.Build.0 = Debug|Any CPU
		{FD49C7FD-693E-496C-94F4-C6632FB6E768}.Release|Any CPU.ActiveCfg = Release|Any CPU
		{FD49C7FD-693E-496C-94F4-C6632FB6E768}.Release|Any CPU.Build.0 = Release|Any CPU
		{A317E6D3-AC2C-4489-B194-A28D6D2D8AFB}.Debug|Any CPU.ActiveCfg = Debug|Any CPU
		{A317E6D3-AC2C-4489-B194-A28D6D2D8AFB}.Debug|Any CPU.Build.0 = Debug|Any CPU
		{A317E6D3-AC2C-4489-B194-A28D6D2D8AFB}.Release|Any CPU.ActiveCfg = Release|Any CPU
		{A317E6D3-AC2C-4489-B194-A28D6D2D8AFB}.Release|Any CPU.Build.0 = Release|Any CPU
		{35D9A6DC-05FE-4D42-86FD-5429B7CE8247}.Debug|Any CPU.ActiveCfg = Debug|Any CPU
		{35D9A6DC-05FE-4D42-86FD-5429B7CE8247}.Debug|Any CPU.Build.0 = Debug|Any CPU
		{35D9A6DC-05FE-4D42-86FD-5429B7CE8247}.Release|Any CPU.ActiveCfg = Release|Any CPU
		{35D9A6DC-05FE-4D42-86FD-5429B7CE8247}.Release|Any CPU.Build.0 = Release|Any CPU
		{62E75117-6960-4871-BB99-E62C5866422E}.Debug|Any CPU.ActiveCfg = Debug|Any CPU
		{62E75117-6960-4871-BB99-E62C5866422E}.Debug|Any CPU.Build.0 = Debug|Any CPU
		{62E75117-6960-4871-BB99-E62C5866422E}.Release|Any CPU.ActiveCfg = Release|Any CPU
		{62E75117-6960-4871-BB99-E62C5866422E}.Release|Any CPU.Build.0 = Release|Any CPU
		{D90A5D9F-6C9D-4C51-B26B-E8CAE7F21A7F}.Debug|Any CPU.ActiveCfg = Debug|Any CPU
		{D90A5D9F-6C9D-4C51-B26B-E8CAE7F21A7F}.Debug|Any CPU.Build.0 = Debug|Any CPU
		{D90A5D9F-6C9D-4C51-B26B-E8CAE7F21A7F}.Release|Any CPU.ActiveCfg = Release|Any CPU
		{D90A5D9F-6C9D-4C51-B26B-E8CAE7F21A7F}.Release|Any CPU.Build.0 = Release|Any CPU
		{39A21329-7182-4FEA-BCE0-FAF941856D68}.Debug|Any CPU.ActiveCfg = Debug|Any CPU
		{39A21329-7182-4FEA-BCE0-FAF941856D68}.Debug|Any CPU.Build.0 = Debug|Any CPU
		{39A21329-7182-4FEA-BCE0-FAF941856D68}.Release|Any CPU.ActiveCfg = Release|Any CPU
		{39A21329-7182-4FEA-BCE0-FAF941856D68}.Release|Any CPU.Build.0 = Release|Any CPU
		{51FBA639-0E37-4BBC-8497-D6D35DB01E1B}.Debug|Any CPU.ActiveCfg = Debug|Any CPU
		{51FBA639-0E37-4BBC-8497-D6D35DB01E1B}.Debug|Any CPU.Build.0 = Debug|Any CPU
		{51FBA639-0E37-4BBC-8497-D6D35DB01E1B}.Release|Any CPU.ActiveCfg = Release|Any CPU
		{51FBA639-0E37-4BBC-8497-D6D35DB01E1B}.Release|Any CPU.Build.0 = Release|Any CPU
		{56B59821-52A5-41CC-BA63-0C1DB136C479}.Debug|Any CPU.ActiveCfg = Debug|Any CPU
		{56B59821-52A5-41CC-BA63-0C1DB136C479}.Debug|Any CPU.Build.0 = Debug|Any CPU
		{56B59821-52A5-41CC-BA63-0C1DB136C479}.Release|Any CPU.ActiveCfg = Release|Any CPU
		{56B59821-52A5-41CC-BA63-0C1DB136C479}.Release|Any CPU.Build.0 = Release|Any CPU
		{9CA22B5F-C042-479E-9B71-5CFA141B06D9}.Debug|Any CPU.ActiveCfg = Debug|Any CPU
		{9CA22B5F-C042-479E-9B71-5CFA141B06D9}.Debug|Any CPU.Build.0 = Debug|Any CPU
		{9CA22B5F-C042-479E-9B71-5CFA141B06D9}.Release|Any CPU.ActiveCfg = Release|Any CPU
		{9CA22B5F-C042-479E-9B71-5CFA141B06D9}.Release|Any CPU.Build.0 = Release|Any CPU
		{9EAC0027-B13C-400A-B67E-0366298A8C21}.Debug|Any CPU.ActiveCfg = Debug|Any CPU
		{9EAC0027-B13C-400A-B67E-0366298A8C21}.Debug|Any CPU.Build.0 = Debug|Any CPU
		{9EAC0027-B13C-400A-B67E-0366298A8C21}.Release|Any CPU.ActiveCfg = Release|Any CPU
		{9EAC0027-B13C-400A-B67E-0366298A8C21}.Release|Any CPU.Build.0 = Release|Any CPU
		{70B61684-2DF6-4AEC-8D51-D349819D4B1D}.Debug|Any CPU.ActiveCfg = Debug|Any CPU
		{70B61684-2DF6-4AEC-8D51-D349819D4B1D}.Debug|Any CPU.Build.0 = Debug|Any CPU
		{70B61684-2DF6-4AEC-8D51-D349819D4B1D}.Release|Any CPU.ActiveCfg = Release|Any CPU
		{70B61684-2DF6-4AEC-8D51-D349819D4B1D}.Release|Any CPU.Build.0 = Release|Any CPU
		{9C7C022C-BDFE-467D-A33C-81850BAE61C1}.Debug|Any CPU.ActiveCfg = Debug|Any CPU
		{9C7C022C-BDFE-467D-A33C-81850BAE61C1}.Debug|Any CPU.Build.0 = Debug|Any CPU
		{9C7C022C-BDFE-467D-A33C-81850BAE61C1}.Release|Any CPU.ActiveCfg = Release|Any CPU
		{9C7C022C-BDFE-467D-A33C-81850BAE61C1}.Release|Any CPU.Build.0 = Release|Any CPU
		{6594B56D-1A4E-4E7E-A2E0-FC66E4A55565}.Debug|Any CPU.ActiveCfg = Debug|Any CPU
		{6594B56D-1A4E-4E7E-A2E0-FC66E4A55565}.Debug|Any CPU.Build.0 = Debug|Any CPU
		{6594B56D-1A4E-4E7E-A2E0-FC66E4A55565}.Release|Any CPU.ActiveCfg = Release|Any CPU
		{6594B56D-1A4E-4E7E-A2E0-FC66E4A55565}.Release|Any CPU.Build.0 = Release|Any CPU
		{3C3182EF-5D33-46EF-85EF-280BF046916C}.Debug|Any CPU.ActiveCfg = Debug|Any CPU
		{3C3182EF-5D33-46EF-85EF-280BF046916C}.Debug|Any CPU.Build.0 = Debug|Any CPU
		{3C3182EF-5D33-46EF-85EF-280BF046916C}.Release|Any CPU.ActiveCfg = Release|Any CPU
		{3C3182EF-5D33-46EF-85EF-280BF046916C}.Release|Any CPU.Build.0 = Release|Any CPU
		{34BE3D68-0032-4888-B4E9-C8C2F597F4BF}.Debug|Any CPU.ActiveCfg = Debug|Any CPU
		{34BE3D68-0032-4888-B4E9-C8C2F597F4BF}.Debug|Any CPU.Build.0 = Debug|Any CPU
		{34BE3D68-0032-4888-B4E9-C8C2F597F4BF}.Release|Any CPU.ActiveCfg = Release|Any CPU
		{34BE3D68-0032-4888-B4E9-C8C2F597F4BF}.Release|Any CPU.Build.0 = Release|Any CPU
	EndGlobalSection
	GlobalSection(SolutionProperties) = preSolution
		HideSolutionNode = FALSE
	EndGlobalSection
	GlobalSection(NestedProjects) = preSolution
		{280DAA2E-709A-4B19-9915-6E71752545B5} = {C3DADA36-959F-446E-96B3-2AEA409EEB6A}
		{87E974DF-514A-4EA6-886A-18F1BCE2C050} = {C3DADA36-959F-446E-96B3-2AEA409EEB6A}
		{962B10AA-17A2-4D59-9D24-9BF64E933000} = {C3DADA36-959F-446E-96B3-2AEA409EEB6A}
		{48D1960B-CCD2-4D57-B22F-6F30C384B63A} = {C3DADA36-959F-446E-96B3-2AEA409EEB6A}
		{D89043EF-BE52-453A-A2FD-93F205D486FB} = {C3DADA36-959F-446E-96B3-2AEA409EEB6A}
		{69FDCE44-DFD7-4A1A-B3C6-A030BA74DFAF} = {D89043EF-BE52-453A-A2FD-93F205D486FB}
		{729D9F36-A831-4E6B-8199-753ACA56AEC5} = {D89043EF-BE52-453A-A2FD-93F205D486FB}
		{66ED1729-2C9D-4622-91A9-D8706A1E19E3} = {D89043EF-BE52-453A-A2FD-93F205D486FB}
		{96A57A2B-D70E-49D3-B411-868A5F5C6FD2} = {69FDCE44-DFD7-4A1A-B3C6-A030BA74DFAF}
		{9E3A0368-C283-438D-8E63-F4D0FFECD730} = {729D9F36-A831-4E6B-8199-753ACA56AEC5}
		{FDDD0DB9-7C4E-44F6-845A-9F62D81B59F8} = {729D9F36-A831-4E6B-8199-753ACA56AEC5}
		{A1ABCA33-A444-4E34-BA92-4EA839A1CAF6} = {66ED1729-2C9D-4622-91A9-D8706A1E19E3}
		{BB6BC5E2-5E75-4728-AC09-785D19522F59} = {66ED1729-2C9D-4622-91A9-D8706A1E19E3}
		{E6F0C930-F939-4789-8898-783E180CB4D3} = {66ED1729-2C9D-4622-91A9-D8706A1E19E3}
		{0523FD3D-3761-4962-8A1A-9CA15B2B2345} = {C3DADA36-959F-446E-96B3-2AEA409EEB6A}
		{40F87F44-2ADC-45E4-80E9-77F9790BB550} = {C3DADA36-959F-446E-96B3-2AEA409EEB6A}
		{0051E042-013B-4159-9F2C-786C71C3C4D4} = {C3DADA36-959F-446E-96B3-2AEA409EEB6A}
		{149DA34B-1AB9-48E6-B2A2-8B288F7310CD} = {C3DADA36-959F-446E-96B3-2AEA409EEB6A}
		{694CB7C6-4CE1-49E0-8DA2-7CF5CD1BF943} = {C3DADA36-959F-446E-96B3-2AEA409EEB6A}
		{0CA880DA-D7B8-4A5D-A93E-A06831204DE2} = {BD0D7B54-F07E-4079-A38D-F5A973E5E752}
		{B5E0BB04-8A6A-4CE7-9E66-A7A0950EDBA8} = {BD0D7B54-F07E-4079-A38D-F5A973E5E752}
		{38D3E90C-6AC8-427B-8A03-6D733303256D} = {BD0D7B54-F07E-4079-A38D-F5A973E5E752}
		{36A25BE1-8D07-408F-AD6A-06BCD97CF52D} = {BD0D7B54-F07E-4079-A38D-F5A973E5E752}
		{E40CA65B-332A-4FF2-85CB-77FB33FC3540} = {BD0D7B54-F07E-4079-A38D-F5A973E5E752}
		{23D29A0F-537D-40A4-8572-A57929327D35} = {BD0D7B54-F07E-4079-A38D-F5A973E5E752}
		{1F27EF9E-CE3F-44DA-B281-6E0049F9B860} = {BD0D7B54-F07E-4079-A38D-F5A973E5E752}
		{8A8704D7-E8A7-4471-B7C1-32AFB591284D} = {BD0D7B54-F07E-4079-A38D-F5A973E5E752}
		{08AF3BCB-D619-474E-B639-9F738363ED1C} = {BD0D7B54-F07E-4079-A38D-F5A973E5E752}
		{D1742438-5BB6-4A99-9F47-5BCF96F053FA} = {BD0D7B54-F07E-4079-A38D-F5A973E5E752}
		{70416F6B-6834-4773-8898-74D65A7A7FBC} = {1986A7BE-98D2-437D-9BE7-DAACB653D476}
		{343DD2B4-47DA-40A7-91B3-48439B0A3ED2} = {1986A7BE-98D2-437D-9BE7-DAACB653D476}
		{C83A11F5-5EFC-41EE-8FB4-7FD0F199661E} = {1986A7BE-98D2-437D-9BE7-DAACB653D476}
		{D012FBD2-5360-4281-B50F-66CF90D1D48B} = {1986A7BE-98D2-437D-9BE7-DAACB653D476}
		{D2EBB393-D5B0-463A-AE9A-8899F6A97E3C} = {1986A7BE-98D2-437D-9BE7-DAACB653D476}
		{D10B5F87-9AF6-4C94-BD6B-8865AE544FA9} = {1986A7BE-98D2-437D-9BE7-DAACB653D476}
		{FD49C7FD-693E-496C-94F4-C6632FB6E768} = {1986A7BE-98D2-437D-9BE7-DAACB653D476}
		{A317E6D3-AC2C-4489-B194-A28D6D2D8AFB} = {1986A7BE-98D2-437D-9BE7-DAACB653D476}
		{35D9A6DC-05FE-4D42-86FD-5429B7CE8247} = {1986A7BE-98D2-437D-9BE7-DAACB653D476}
		{48815373-9762-4151-85F1-927ABCF11D60} = {1986A7BE-98D2-437D-9BE7-DAACB653D476}
		{62E75117-6960-4871-BB99-E62C5866422E} = {48815373-9762-4151-85F1-927ABCF11D60}
		{D90A5D9F-6C9D-4C51-B26B-E8CAE7F21A7F} = {48815373-9762-4151-85F1-927ABCF11D60}
		{39A21329-7182-4FEA-BCE0-FAF941856D68} = {8AA8CA3E-8A53-4E0F-A330-94A0A0E1B4D8}
		{51FBA639-0E37-4BBC-8497-D6D35DB01E1B} = {8AA8CA3E-8A53-4E0F-A330-94A0A0E1B4D8}
		{56B59821-52A5-41CC-BA63-0C1DB136C479} = {8AA8CA3E-8A53-4E0F-A330-94A0A0E1B4D8}
		{9CA22B5F-C042-479E-9B71-5CFA141B06D9} = {8AA8CA3E-8A53-4E0F-A330-94A0A0E1B4D8}
		{9EAC0027-B13C-400A-B67E-0366298A8C21} = {8AA8CA3E-8A53-4E0F-A330-94A0A0E1B4D8}
		{70B61684-2DF6-4AEC-8D51-D349819D4B1D} = {8AA8CA3E-8A53-4E0F-A330-94A0A0E1B4D8}
		{9C7C022C-BDFE-467D-A33C-81850BAE61C1} = {8AA8CA3E-8A53-4E0F-A330-94A0A0E1B4D8}
		{6594B56D-1A4E-4E7E-A2E0-FC66E4A55565} = {8AA8CA3E-8A53-4E0F-A330-94A0A0E1B4D8}
		{3C3182EF-5D33-46EF-85EF-280BF046916C} = {8AA8CA3E-8A53-4E0F-A330-94A0A0E1B4D8}
		{34BE3D68-0032-4888-B4E9-C8C2F597F4BF} = {8AA8CA3E-8A53-4E0F-A330-94A0A0E1B4D8}
	EndGlobalSection
	GlobalSection(ExtensibilityGlobals) = postSolution
		SolutionGuid = {C9719B9D-01B0-477D-BF44-96E8ADCCD4F9}
	EndGlobalSection
EndGlobal
