
Microsoft Visual Studio Solution File, Format Version 12.00
# Visual Studio Version 16
VisualStudioVersion = 16.0.30404.54
MinimumVisualStudioVersion = 10.0.40219.1
Project("{2150E333-8FDC-42A3-9474-1A3956D46DE8}") = "Chapter01", "Chapter01", "{C3DADA36-959F-446E-96B3-2AEA409EEB6A}"
EndProject
Project("{2150E333-8FDC-42A3-9474-1A3956D46DE8}") = "Chapter02", "Chapter02", "{BD0D7B54-F07E-4079-A38D-F5A973E5E752}"
EndProject
Project("{2150E333-8FDC-42A3-9474-1A3956D46DE8}") = "Chapter03", "Chapter03", "{1986A7BE-98D2-437D-9BE7-DAACB653D476}"
EndProject
Project("{2150E333-8FDC-42A3-9474-1A3956D46DE8}") = "Chapter04", "Chapter04", "{8AA8CA3E-8A53-4E0F-A330-94A0A0E1B4D8}"
EndProject
Project("{2150E333-8FDC-42A3-9474-1A3956D46DE8}") = "Chapter05", "Chapter05", "{F0CDCF62-3E6F-468E-8B24-A077BB641F7C}"
EndProject
Project("{2150E333-8FDC-42A3-9474-1A3956D46DE8}") = "Chapter06", "Chapter06", "{BA3FCF1E-DCA1-4929-A257-0D9F4663F00F}"
EndProject
Project("{2150E333-8FDC-42A3-9474-1A3956D46DE8}") = "Chapter07", "Chapter07", "{C205DC34-5BEF-4845-96E9-72223E908234}"
EndProject
Project("{2150E333-8FDC-42A3-9474-1A3956D46DE8}") = "Chapter08", "Chapter08", "{FC57C175-656B-422B-92F7-5C15B0DED452}"
EndProject
Project("{2150E333-8FDC-42A3-9474-1A3956D46DE8}") = "Chapter09", "Chapter09", "{151A4006-1C48-425B-9121-1159CA482072}"
EndProject
Project("{9A19103F-16F7-4668-BE54-9A1E7A4F7556}") = "Section-1-1", "Chapter01\Section-1-1\Section-1-1.csproj", "{280DAA2E-709A-4B19-9915-6E71752545B5}"
EndProject
Project("{9A19103F-16F7-4668-BE54-9A1E7A4F7556}") = "Section-1-2", "Chapter01\Section-1-2\Section-1-2.csproj", "{87E974DF-514A-4EA6-886A-18F1BCE2C050}"
EndProject
Project("{9A19103F-16F7-4668-BE54-9A1E7A4F7556}") = "Section-1-3", "Chapter01\Section-1-3\Section-1-3.csproj", "{962B10AA-17A2-4D59-9D24-9BF64E933000}"
EndProject
Project("{9A19103F-16F7-4668-BE54-9A1E7A4F7556}") = "Section-1-4", "Chapter01\Section-1-4\Section-1-4.csproj", "{48D1960B-CCD2-4D57-B22F-6F30C384B63A}"
EndProject
Project("{2150E333-8FDC-42A3-9474-1A3956D46DE8}") = "Section-1-5", "Section-1-5", "{D89043EF-BE52-453A-A2FD-93F205D486FB}"
EndProject
Project("{2150E333-8FDC-42A3-9474-1A3956D46DE8}") = "SingleProject", "SingleProject", "{69FDCE44-DFD7-4A1A-B3C6-A030BA74DFAF}"
EndProject
Project("{2150E333-8FDC-42A3-9474-1A3956D46DE8}") = "SeparateData", "SeparateData", "{729D9F36-A831-4E6B-8199-753ACA56AEC5}"
EndProject
Project("{2150E333-8FDC-42A3-9474-1A3956D46DE8}") = "MultiLayer", "MultiLayer", "{66ED1729-2C9D-4622-91A9-D8706A1E19E3}"
EndProject
Project("{9A19103F-16F7-4668-BE54-9A1E7A4F7556}") = "SimpleApp", "Chapter01\Section-1-5\SingleProject\SimpleApp\SimpleApp.csproj", "{96A57A2B-D70E-49D3-B411-868A5F5C6FD2}"
EndProject
Project("{9A19103F-16F7-4668-BE54-9A1E7A4F7556}") = "SystemApp.Console", "Chapter01\Section-1-5\SeparateData\SystemApp.Console\SystemApp.Console.csproj", "{9E3A0368-C283-438D-8E63-F4D0FFECD730}"
EndProject
Project("{9A19103F-16F7-4668-BE54-9A1E7A4F7556}") = "SystemApp.Data", "Chapter01\Section-1-5\SeparateData\SystemApp.Data\SystemApp.Data.csproj", "{FDDD0DB9-7C4E-44F6-845A-9F62D81B59F8}"
EndProject
Project("{9A19103F-16F7-4668-BE54-9A1E7A4F7556}") = "EnterpriseApp.CmdLine", "Chapter01\Section-1-5\MultiLayer\EnterpriseApp.CmdLine\EnterpriseApp.CmdLine.csproj", "{A1ABCA33-A444-4E34-BA92-4EA839A1CAF6}"
EndProject
Project("{9A19103F-16F7-4668-BE54-9A1E7A4F7556}") = "EnterpriseApp", "Chapter01\Section-1-5\MultiLayer\EnterpriseApp\EnterpriseApp.csproj", "{BB6BC5E2-5E75-4728-AC09-785D19522F59}"
EndProject
Project("{9A19103F-16F7-4668-BE54-9A1E7A4F7556}") = "EnterpriseApp.Data", "Chapter01\Section-1-5\MultiLayer\EnterpriseApp.Data\EnterpriseApp.Data.csproj", "{E6F0C930-F939-4789-8898-783E180CB4D3}"
EndProject
Project("{9A19103F-16F7-4668-BE54-9A1E7A4F7556}") = "Section-1-6", "Chapter01\Section-1-6\Section-1-6.csproj", "{0523FD3D-3761-4962-8A1A-9CA15B2B2345}"
EndProject
Project("{9A19103F-16F7-4668-BE54-9A1E7A4F7556}") = "Section-1-7", "Chapter01\Section-1-7\Section-1-7.csproj", "{40F87F44-2ADC-45E4-80E9-77F9790BB550}"
EndProject
Project("{9A19103F-16F7-4668-BE54-9A1E7A4F7556}") = "Section-1-8", "Chapter01\Section-1-8\Section-1-8.csproj", "{0051E042-013B-4159-9F2C-786C71C3C4D4}"
EndProject
Project("{9A19103F-16F7-4668-BE54-9A1E7A4F7556}") = "Section-1-9", "Chapter01\Section-1-9\Section-1-9.csproj", "{149DA34B-1AB9-48E6-B2A2-8B288F7310CD}"
EndProject
Project("{9A19103F-16F7-4668-BE54-9A1E7A4F7556}") = "Section-1-10", "Chapter01\Section-1-10\Section-1-10.csproj", "{694CB7C6-4CE1-49E0-8DA2-7CF5CD1BF943}"
EndProject
Project("{9A19103F-16F7-4668-BE54-9A1E7A4F7556}") = "Section-02-01", "Chapter02\Section-02-01\Section-02-01.csproj", "{0CA880DA-D7B8-4A5D-A93E-A06831204DE2}"
EndProject
Project("{9A19103F-16F7-4668-BE54-9A1E7A4F7556}") = "Section-02-02", "Chapter02\Section-02-02\Section-02-02.csproj", "{B5E0BB04-8A6A-4CE7-9E66-A7A0950EDBA8}"
EndProject
Project("{9A19103F-16F7-4668-BE54-9A1E7A4F7556}") = "Section-02-03", "Chapter02\Section-02-03\Section-02-03.csproj", "{38D3E90C-6AC8-427B-8A03-6D733303256D}"
EndProject
Project("{9A19103F-16F7-4668-BE54-9A1E7A4F7556}") = "Section-02-04", "Chapter02\Section-02-04\Section-02-04.csproj", "{36A25BE1-8D07-408F-AD6A-06BCD97CF52D}"
EndProject
Project("{9A19103F-16F7-4668-BE54-9A1E7A4F7556}") = "Section-02-05", "Chapter02\Section-02-05\Section-02-05.csproj", "{E40CA65B-332A-4FF2-85CB-77FB33FC3540}"
EndProject
Project("{9A19103F-16F7-4668-BE54-9A1E7A4F7556}") = "Section-02-06", "Chapter02\Section-02-06\Section-02-06.csproj", "{23D29A0F-537D-40A4-8572-A57929327D35}"
EndProject
Project("{9A19103F-16F7-4668-BE54-9A1E7A4F7556}") = "Section-02-07", "Chapter02\Section-02-07\Section-02-07.csproj", "{1F27EF9E-CE3F-44DA-B281-6E0049F9B860}"
EndProject
Project("{9A19103F-16F7-4668-BE54-9A1E7A4F7556}") = "Section-02-08", "Chapter02\Section-02-08\Section-02-08.csproj", "{8A8704D7-E8A7-4471-B7C1-32AFB591284D}"
EndProject
Project("{9A19103F-16F7-4668-BE54-9A1E7A4F7556}") = "Section-02-09", "Chapter02\Section-02-09\Section-02-09.csproj", "{08AF3BCB-D619-474E-B639-9F738363ED1C}"
EndProject
Project("{9A19103F-16F7-4668-BE54-9A1E7A4F7556}") = "Section-02-10", "Chapter02\Section-02-10\Section-02-10.csproj", "{D1742438-5BB6-4A99-9F47-5BCF96F053FA}"
EndProject
Project("{9A19103F-16F7-4668-BE54-9A1E7A4F7556}") = "Section-03-02", "Chapter03\Section-03-02\Section-03-02.csproj", "{70416F6B-6834-4773-8898-74D65A7A7FBC}"
EndProject
Project("{9A19103F-16F7-4668-BE54-9A1E7A4F7556}") = "Section-03-03", "Chapter03\Section-03-03\Section-03-03.csproj", "{343DD2B4-47DA-40A7-91B3-48439B0A3ED2}"
EndProject
Project("{9A19103F-16F7-4668-BE54-9A1E7A4F7556}") = "Section-03-04", "Chapter03\Section-03-04\Section-03-04.csproj", "{C83A11F5-5EFC-41EE-8FB4-7FD0F199661E}"
EndProject
Project("{9A19103F-16F7-4668-BE54-9A1E7A4F7556}") = "Section-03-05", "Chapter03\Section-03-05\Section-03-05.csproj", "{D012FBD2-5360-4281-B50F-66CF90D1D48B}"
EndProject
Project("{9A19103F-16F7-4668-BE54-9A1E7A4F7556}") = "Section-03-06", "Chapter03\Section-03-06\Section-03-06.csproj", "{D2EBB393-D5B0-463A-AE9A-8899F6A97E3C}"
EndProject
Project("{9A19103F-16F7-4668-BE54-9A1E7A4F7556}") = "Section-03-07", "Chapter03\Section-03-07\Section-03-07.csproj", "{D10B5F87-9AF6-4C94-BD6B-8865AE544FA9}"
EndProject
Project("{9A19103F-16F7-4668-BE54-9A1E7A4F7556}") = "Section-03-08", "Chapter03\Section-03-08\Section-03-08.csproj", "{FD49C7FD-693E-496C-94F4-C6632FB6E768}"
EndProject
Project("{9A19103F-16F7-4668-BE54-9A1E7A4F7556}") = "Section-03-09", "Chapter03\Section-03-09\Section-03-09.csproj", "{A317E6D3-AC2C-4489-B194-A28D6D2D8AFB}"
EndProject
Project("{9A19103F-16F7-4668-BE54-9A1E7A4F7556}") = "Section-03-10", "Chapter03\Section-03-10\Section-03-10.csproj", "{35D9A6DC-05FE-4D42-86FD-5429B7CE8247}"
EndProject
Project("{2150E333-8FDC-42A3-9474-1A3956D46DE8}") = "Section-03-01", "Section-03-01", "{48815373-9762-4151-85F1-927ABCF11D60}"
EndProject
Project("{9A19103F-16F7-4668-BE54-9A1E7A4F7556}") = "OrdersLibrary", "Chapter03\Section-03-01\OrdersLibrary\OrdersLibrary.csproj", "{62E75117-6960-4871-BB99-E62C5866422E}"
EndProject
Project("{9A19103F-16F7-4668-BE54-9A1E7A4F7556}") = "OrdersLibrary.Test", "OrdersLibrary.Test\OrdersLibrary.Test.csproj", "{D90A5D9F-6C9D-4C51-B26B-E8CAE7F21A7F}"
EndProject
Project("{9A19103F-16F7-4668-BE54-9A1E7A4F7556}") = "Section-04-01", "Chapter04\Section-04-01\Section-04-01.csproj", "{39A21329-7182-4FEA-BCE0-FAF941856D68}"
EndProject
Project("{9A19103F-16F7-4668-BE54-9A1E7A4F7556}") = "Section-04-02", "Chapter04\Section-04-02\Section-04-02.csproj", "{51FBA639-0E37-4BBC-8497-D6D35DB01E1B}"
EndProject
Project("{9A19103F-16F7-4668-BE54-9A1E7A4F7556}") = "Section-04-03", "Chapter04\Section-04-03\Section-04-03.csproj", "{56B59821-52A5-41CC-BA63-0C1DB136C479}"
EndProject
Project("{9A19103F-16F7-4668-BE54-9A1E7A4F7556}") = "Section-04-04", "Chapter04\Section-04-04\Section-04-04.csproj", "{9CA22B5F-C042-479E-9B71-5CFA141B06D9}"
EndProject
Project("{9A19103F-16F7-4668-BE54-9A1E7A4F7556}") = "Section-04-05", "Chapter04\Section-04-05\Section-04-05.csproj", "{9EAC0027-B13C-400A-B67E-0366298A8C21}"
EndProject
Project("{9A19103F-16F7-4668-BE54-9A1E7A4F7556}") = "Section-04-06", "Chapter04\Section-04-06\Section-04-06.csproj", "{70B61684-2DF6-4AEC-8D51-D349819D4B1D}"
EndProject
Project("{9A19103F-16F7-4668-BE54-9A1E7A4F7556}") = "Section-04-07", "Chapter04\Section-04-07\Section-04-07.csproj", "{9C7C022C-BDFE-467D-A33C-81850BAE61C1}"
EndProject
Project("{9A19103F-16F7-4668-BE54-9A1E7A4F7556}") = "Section-04-08", "Chapter04\Section-04-08\Section-04-08.csproj", "{6594B56D-1A4E-4E7E-A2E0-FC66E4A55565}"
EndProject
Project("{9A19103F-16F7-4668-BE54-9A1E7A4F7556}") = "Section-04-09", "Chapter04\Section-04-09\Section-04-09.csproj", "{3C3182EF-5D33-46EF-85EF-280BF046916C}"
EndProject
Project("{9A19103F-16F7-4668-BE54-9A1E7A4F7556}") = "Section-04-10", "Chapter04\Section-04-10\Section-04-10.csproj", "{34BE3D68-0032-4888-B4E9-C8C2F597F4BF}"
EndProject
Project("{9A19103F-16F7-4668-BE54-9A1E7A4F7556}") = "Section-05-01", "Chapter05\Section-05-01\Section-05-01.csproj", "{7929FBA5-1B9F-45C6-8697-AEB8A3703DDF}"
EndProject
Project("{9A19103F-16F7-4668-BE54-9A1E7A4F7556}") = "Section-05-02", "Chapter05\Section-05-02\Section-05-02.csproj", "{795EFF68-6C1C-4714-8654-75D8EAF76533}"
EndProject
Project("{9A19103F-16F7-4668-BE54-9A1E7A4F7556}") = "Section-05-03", "Chapter05\Section-05-03\Section-05-03.csproj", "{006F2F1E-8F20-4BED-806A-29357A3F7304}"
EndProject
Project("{9A19103F-16F7-4668-BE54-9A1E7A4F7556}") = "Section-05-04", "Chapter05\Section-05-04\Section-05-04.csproj", "{C177ECF4-31BD-4B17-A339-7F70B32B00AC}"
EndProject
Project("{9A19103F-16F7-4668-BE54-9A1E7A4F7556}") = "Section-05-05", "Chapter05\Section-05-05\Section-05-05.csproj", "{039953E6-6D0B-4DEE-BAC7-D21927CB4EF1}"
EndProject
Project("{9A19103F-16F7-4668-BE54-9A1E7A4F7556}") = "Section-05-06", "Chapter05\Section-05-06\Section-05-06.csproj", "{D24561F1-5BC5-44B1-85AA-CFE88316D280}"
EndProject
Project("{9A19103F-16F7-4668-BE54-9A1E7A4F7556}") = "Section-05-07", "Chapter05\Section-05-07\Section-05-07.csproj", "{1EED5C8D-F793-4E2A-A7C1-B09BFF334358}"
EndProject
Project("{9A19103F-16F7-4668-BE54-9A1E7A4F7556}") = "Section-05-08", "Chapter05\Section-05-08\Section-05-08.csproj", "{5EB0FEE9-77C3-417D-86F3-29E40153D23B}"
EndProject
Project("{9A19103F-16F7-4668-BE54-9A1E7A4F7556}") = "Section-05-09", "Chapter05\Section-05-09\Section-05-09.csproj", "{A305A64A-885D-4F0A-84A4-C44223390028}"
EndProject
Project("{9A19103F-16F7-4668-BE54-9A1E7A4F7556}") = "Section-07-01", "Chapter07\Section-07-01\Section-07-01.csproj", "{22ED4841-E03D-4129-99F2-B7349F44F12B}"
EndProject
Project("{9A19103F-16F7-4668-BE54-9A1E7A4F7556}") = "Section-07-02", "Chapter07\Section-07-02\Section-07-02.csproj", "{4BAB9647-F797-468C-9AC5-AF8DB3A0E624}"
EndProject
Project("{9A19103F-16F7-4668-BE54-9A1E7A4F7556}") = "Section-07-03", "Chapter07\Section-07-03\Section-07-03.csproj", "{DE826A35-86D4-4E9D-B742-247E0934F424}"
EndProject
Project("{9A19103F-16F7-4668-BE54-9A1E7A4F7556}") = "Section-07-04", "Chapter07\Section-07-04\Section-07-04.csproj", "{FF924169-3D47-40BF-9A7B-70E3585C4648}"
EndProject
Project("{9A19103F-16F7-4668-BE54-9A1E7A4F7556}") = "Section-07-05", "Chapter07\Section-07-05\Section-07-05.csproj", "{888B2017-AFFB-4AD9-8BA4-193DC7842A3A}"
EndProject
Project("{9A19103F-16F7-4668-BE54-9A1E7A4F7556}") = "Section-07-06", "Chapter07\Section-07-06\Section-07-06.csproj", "{E3095D87-E077-44C1-89DC-B3D5F50C8A40}"
EndProject
Project("{9A19103F-16F7-4668-BE54-9A1E7A4F7556}") = "Section-07-07", "Chapter07\Section-07-07\Section-07-07.csproj", "{FAED916C-0215-4E62-82B2-88350B09DC40}"
EndProject
Project("{9A19103F-16F7-4668-BE54-9A1E7A4F7556}") = "Section-07-08", "Chapter07\Section-07-08\Section-07-08.csproj", "{FF3E90C5-4E7C-49C0-80DF-A2626C96671D}"
EndProject
Project("{9A19103F-16F7-4668-BE54-9A1E7A4F7556}") = "Section-07-09", "Chapter07\Section-07-09\Section-07-09.csproj", "{8F153674-7128-40B8-B18D-2FA4B33D9A4F}"
EndProject
Project("{FAE04EC0-301F-11D3-BF4B-00C04F79EFBC}") = "Section-05-10", "Chapter05\Section-05-10\Section-05-10.csproj", "{ADFF27CD-1FB8-4EF8-9F9A-278DB8BB384B}"
EndProject
Project("{9A19103F-16F7-4668-BE54-9A1E7A4F7556}") = "Section-06-01", "Chapter06\Section-06-01\Section-06-01.csproj", "{D0374E49-15B9-4AEB-A443-72F74AE946E1}"
EndProject
Project("{9A19103F-16F7-4668-BE54-9A1E7A4F7556}") = "Section-06-05", "Chapter06\Section-06-05\Section-06-05.csproj", "{701B1459-F21F-41FB-88AE-22A4EA095273}"
EndProject
Project("{9A19103F-16F7-4668-BE54-9A1E7A4F7556}") = "Section-06-02", "Chapter06\Section-06-02\Section-06-02.csproj", "{CA073EB1-1613-4C72-B6BC-28FD27E5C498}"
EndProject
Project("{9A19103F-16F7-4668-BE54-9A1E7A4F7556}") = "Section-06-03", "Chapter06\Section-06-03\Section-06-03.csproj", "{A005AC4E-2B29-410B-ACCE-1DB1B9457EE6}"
EndProject
Project("{9A19103F-16F7-4668-BE54-9A1E7A4F7556}") = "Section-06-04", "Chapter06\Section-06-04\Section-06-04.csproj", "{DF01DF36-33C3-442D-9A66-E6231AAC2EBC}"
EndProject
Project("{9A19103F-16F7-4668-BE54-9A1E7A4F7556}") = "Section-06-06", "Chapter06\Section-06-06\Section-06-06.csproj", "{13D601FA-E6EB-47DB-AF24-F0EAB24E4790}"
EndProject
Project("{9A19103F-16F7-4668-BE54-9A1E7A4F7556}") = "Section-06-07", "Chapter06\Section-06-07\Section-06-07.csproj", "{62ABB867-C762-416E-A247-FDBA08F17F5B}"
EndProject
Project("{9A19103F-16F7-4668-BE54-9A1E7A4F7556}") = "Section-06-08", "Chapter06\Section-06-08\Section-06-08.csproj", "{B80BAC88-9FDE-463C-828E-E696BAF38BFD}"
EndProject
Project("{9A19103F-16F7-4668-BE54-9A1E7A4F7556}") = "Section-06-09", "Chapter06\Section-06-09\Section-06-09.csproj", "{121E3810-79CE-4487-A94D-AD2E6D7C79BF}"
EndProject
Project("{9A19103F-16F7-4668-BE54-9A1E7A4F7556}") = "Section-06-10", "Chapter06\Section-06-10\Section-06-10.csproj", "{7A232F51-A1D8-4076-A06F-2C7700B4C146}"
EndProject
Project("{9A19103F-16F7-4668-BE54-9A1E7A4F7556}") = "Section-07-10", "Chapter07\Section-07-10\Section-07-10.csproj", "{ABF77BD6-CC8C-4D3D-80D5-68208E545FE2}"
EndProject
Project("{9A19103F-16F7-4668-BE54-9A1E7A4F7556}") = "Section-08-01", "Chapter08\Section-08-01\Section-08-01.csproj", "{A84C851C-9E07-4C0D-A0D8-B6447487624A}"
EndProject
Project("{9A19103F-16F7-4668-BE54-9A1E7A4F7556}") = "Section-08-02", "Chapter08\Section-08-02\Section-08-02.csproj", "{8090C48D-3215-49AF-88E6-0696B6AFE535}"
EndProject
Project("{9A19103F-16F7-4668-BE54-9A1E7A4F7556}") = "Section-08-03", "Chapter08\Section-08-03\Section-08-03.csproj", "{41D2FF8A-4D67-4134-A626-2CADA3986D7E}"
EndProject
Project("{9A19103F-16F7-4668-BE54-9A1E7A4F7556}") = "Section-08-04", "Chapter08\Section-08-04\Section-08-04.csproj", "{B026DF56-E684-4200-A236-7304F3F578CD}"
EndProject
Project("{9A19103F-16F7-4668-BE54-9A1E7A4F7556}") = "Section-08-05", "Chapter08\Section-08-05\Section-08-05.csproj", "{132E3036-5F23-480B-ABB6-9274567DA43F}"
EndProject
Project("{9A19103F-16F7-4668-BE54-9A1E7A4F7556}") = "Section-08-06", "Chapter08\Section-08-06\Section-08-06.csproj", "{CD529813-7897-4AD9-A52F-256BF330002C}"
EndProject
Project("{9A19103F-16F7-4668-BE54-9A1E7A4F7556}") = "Section-08-07", "Chapter08\Section-08-07\Section-08-07.csproj", "{1D7A60D0-F494-4707-A6C1-826005DFEAC0}"
EndProject
Project("{9A19103F-16F7-4668-BE54-9A1E7A4F7556}") = "Section-08-08", "Chapter08\Section-08-08\Section-08-08.csproj", "{6C0E58E4-CC3E-4405-8D29-A2C15AF10F44}"
EndProject
Project("{9A19103F-16F7-4668-BE54-9A1E7A4F7556}") = "Section-08-09", "Chapter08\Section-08-09\Section-08-09.csproj", "{30B8AE9D-376A-4359-B282-1AB290B40ABC}"
EndProject
Project("{9A19103F-16F7-4668-BE54-9A1E7A4F7556}") = "Section-08-10", "Chapter08\Section-08-10\Section-08-10.csproj", "{7E9A5B19-A821-4008-9700-C423AEC42424}"
EndProject
Project("{9A19103F-16F7-4668-BE54-9A1E7A4F7556}") = "Section-09-01", "Chapter09\Section-09-01\Section-09-01.csproj", "{1EFF0D7B-452D-4F0D-874A-B1A9BB690089}"
EndProject
Project("{9A19103F-16F7-4668-BE54-9A1E7A4F7556}") = "Section-09-02", "Chapter09\Section-09-02\Section-09-02.csproj", "{20C1B8DD-1E4C-41B2-B8B0-5457D104A735}"
EndProject
Project("{9A19103F-16F7-4668-BE54-9A1E7A4F7556}") = "Section-09-03", "Chapter09\Section-09-03\Section-09-03.csproj", "{71EEFDE6-2FAB-499B-8075-F13427F9761A}"
EndProject
Project("{9A19103F-16F7-4668-BE54-9A1E7A4F7556}") = "Section-09-04", "Chapter09\Section-09-04\Section-09-04.csproj", "{A184F1FE-D379-4778-A957-F90D07F7D9B5}"
EndProject
Project("{9A19103F-16F7-4668-BE54-9A1E7A4F7556}") = "Section-09-05", "Chapter09\Section-09-05\Section-09-05.csproj", "{785DAF1B-82FE-4E9D-B9F9-901AD4C36F2A}"
EndProject
Project("{9A19103F-16F7-4668-BE54-9A1E7A4F7556}") = "Section-09-06", "Chapter09\Section-09-06\Section-09-06.csproj", "{200757B3-8D3F-4D21-98A8-D38A853D6688}"
EndProject
Project("{9A19103F-16F7-4668-BE54-9A1E7A4F7556}") = "Section-09-07", "Chapter09\Section-09-07\Section-09-07.csproj", "{854BCF0E-4870-44C8-991D-E6653C6D3781}"
EndProject
Project("{9A19103F-16F7-4668-BE54-9A1E7A4F7556}") = "Section-09-08", "Chapter09\Section-09-08\Section-09-08.csproj", "{7DFF034E-2D39-49EA-9EC5-436AF1E346C8}"
EndProject
Project("{9A19103F-16F7-4668-BE54-9A1E7A4F7556}") = "Section-09-09", "Chapter09\Section-09-09\Section-09-09.csproj", "{9BE65727-2783-4C22-A7E1-2A0CADC7E99C}"
EndProject
Project("{2150E333-8FDC-42A3-9474-1A3956D46DE8}") = "Section-09-10", "Section-09-10", "{39FCC9CB-46C1-42B9-AB89-3DAB93B0AA97}"
EndProject
Project("{FAE04EC0-301F-11D3-BF4B-00C04F79EFBC}") = "AddressManager", "Chapter09\Section-09-10\AddressManager\AddressManager.csproj", "{B2B97E73-8CC5-414D-864B-D4A87BAECE6F}"
EndProject
Project("{FAE04EC0-301F-11D3-BF4B-00C04F79EFBC}") = "AddressUtilities", "Chapter09\Section-09-10\AddressUtilities\AddressUtilities.csproj", "{41B3E6A3-BE4B-4260-839B-BE7922DF5385}"
EndProject
Global
	GlobalSection(SolutionConfigurationPlatforms) = preSolution
		Debug|Any CPU = Debug|Any CPU
		Release|Any CPU = Release|Any CPU
	EndGlobalSection
	GlobalSection(ProjectConfigurationPlatforms) = postSolution
		{280DAA2E-709A-4B19-9915-6E71752545B5}.Debug|Any CPU.ActiveCfg = Debug|Any CPU
		{280DAA2E-709A-4B19-9915-6E71752545B5}.Debug|Any CPU.Build.0 = Debug|Any CPU
		{280DAA2E-709A-4B19-9915-6E71752545B5}.Release|Any CPU.ActiveCfg = Release|Any CPU
		{280DAA2E-709A-4B19-9915-6E71752545B5}.Release|Any CPU.Build.0 = Release|Any CPU
		{87E974DF-514A-4EA6-886A-18F1BCE2C050}.Debug|Any CPU.ActiveCfg = Debug|Any CPU
		{87E974DF-514A-4EA6-886A-18F1BCE2C050}.Debug|Any CPU.Build.0 = Debug|Any CPU
		{87E974DF-514A-4EA6-886A-18F1BCE2C050}.Release|Any CPU.ActiveCfg = Release|Any CPU
		{87E974DF-514A-4EA6-886A-18F1BCE2C050}.Release|Any CPU.Build.0 = Release|Any CPU
		{962B10AA-17A2-4D59-9D24-9BF64E933000}.Debug|Any CPU.ActiveCfg = Debug|Any CPU
		{962B10AA-17A2-4D59-9D24-9BF64E933000}.Debug|Any CPU.Build.0 = Debug|Any CPU
		{962B10AA-17A2-4D59-9D24-9BF64E933000}.Release|Any CPU.ActiveCfg = Release|Any CPU
		{962B10AA-17A2-4D59-9D24-9BF64E933000}.Release|Any CPU.Build.0 = Release|Any CPU
		{48D1960B-CCD2-4D57-B22F-6F30C384B63A}.Debug|Any CPU.ActiveCfg = Debug|Any CPU
		{48D1960B-CCD2-4D57-B22F-6F30C384B63A}.Debug|Any CPU.Build.0 = Debug|Any CPU
		{48D1960B-CCD2-4D57-B22F-6F30C384B63A}.Release|Any CPU.ActiveCfg = Release|Any CPU
		{48D1960B-CCD2-4D57-B22F-6F30C384B63A}.Release|Any CPU.Build.0 = Release|Any CPU
		{96A57A2B-D70E-49D3-B411-868A5F5C6FD2}.Debug|Any CPU.ActiveCfg = Debug|Any CPU
		{96A57A2B-D70E-49D3-B411-868A5F5C6FD2}.Debug|Any CPU.Build.0 = Debug|Any CPU
		{96A57A2B-D70E-49D3-B411-868A5F5C6FD2}.Release|Any CPU.ActiveCfg = Release|Any CPU
		{96A57A2B-D70E-49D3-B411-868A5F5C6FD2}.Release|Any CPU.Build.0 = Release|Any CPU
		{9E3A0368-C283-438D-8E63-F4D0FFECD730}.Debug|Any CPU.ActiveCfg = Debug|Any CPU
		{9E3A0368-C283-438D-8E63-F4D0FFECD730}.Debug|Any CPU.Build.0 = Debug|Any CPU
		{9E3A0368-C283-438D-8E63-F4D0FFECD730}.Release|Any CPU.ActiveCfg = Release|Any CPU
		{9E3A0368-C283-438D-8E63-F4D0FFECD730}.Release|Any CPU.Build.0 = Release|Any CPU
		{FDDD0DB9-7C4E-44F6-845A-9F62D81B59F8}.Debug|Any CPU.ActiveCfg = Debug|Any CPU
		{FDDD0DB9-7C4E-44F6-845A-9F62D81B59F8}.Debug|Any CPU.Build.0 = Debug|Any CPU
		{FDDD0DB9-7C4E-44F6-845A-9F62D81B59F8}.Release|Any CPU.ActiveCfg = Release|Any CPU
		{FDDD0DB9-7C4E-44F6-845A-9F62D81B59F8}.Release|Any CPU.Build.0 = Release|Any CPU
		{A1ABCA33-A444-4E34-BA92-4EA839A1CAF6}.Debug|Any CPU.ActiveCfg = Debug|Any CPU
		{A1ABCA33-A444-4E34-BA92-4EA839A1CAF6}.Debug|Any CPU.Build.0 = Debug|Any CPU
		{A1ABCA33-A444-4E34-BA92-4EA839A1CAF6}.Release|Any CPU.ActiveCfg = Release|Any CPU
		{A1ABCA33-A444-4E34-BA92-4EA839A1CAF6}.Release|Any CPU.Build.0 = Release|Any CPU
		{BB6BC5E2-5E75-4728-AC09-785D19522F59}.Debug|Any CPU.ActiveCfg = Debug|Any CPU
		{BB6BC5E2-5E75-4728-AC09-785D19522F59}.Debug|Any CPU.Build.0 = Debug|Any CPU
		{BB6BC5E2-5E75-4728-AC09-785D19522F59}.Release|Any CPU.ActiveCfg = Release|Any CPU
		{BB6BC5E2-5E75-4728-AC09-785D19522F59}.Release|Any CPU.Build.0 = Release|Any CPU
		{E6F0C930-F939-4789-8898-783E180CB4D3}.Debug|Any CPU.ActiveCfg = Debug|Any CPU
		{E6F0C930-F939-4789-8898-783E180CB4D3}.Debug|Any CPU.Build.0 = Debug|Any CPU
		{E6F0C930-F939-4789-8898-783E180CB4D3}.Release|Any CPU.ActiveCfg = Release|Any CPU
		{E6F0C930-F939-4789-8898-783E180CB4D3}.Release|Any CPU.Build.0 = Release|Any CPU
		{0523FD3D-3761-4962-8A1A-9CA15B2B2345}.Debug|Any CPU.ActiveCfg = Debug|Any CPU
		{0523FD3D-3761-4962-8A1A-9CA15B2B2345}.Debug|Any CPU.Build.0 = Debug|Any CPU
		{0523FD3D-3761-4962-8A1A-9CA15B2B2345}.Release|Any CPU.ActiveCfg = Release|Any CPU
		{0523FD3D-3761-4962-8A1A-9CA15B2B2345}.Release|Any CPU.Build.0 = Release|Any CPU
		{40F87F44-2ADC-45E4-80E9-77F9790BB550}.Debug|Any CPU.ActiveCfg = Debug|Any CPU
		{40F87F44-2ADC-45E4-80E9-77F9790BB550}.Debug|Any CPU.Build.0 = Debug|Any CPU
		{40F87F44-2ADC-45E4-80E9-77F9790BB550}.Release|Any CPU.ActiveCfg = Release|Any CPU
		{40F87F44-2ADC-45E4-80E9-77F9790BB550}.Release|Any CPU.Build.0 = Release|Any CPU
		{0051E042-013B-4159-9F2C-786C71C3C4D4}.Debug|Any CPU.ActiveCfg = Debug|Any CPU
		{0051E042-013B-4159-9F2C-786C71C3C4D4}.Debug|Any CPU.Build.0 = Debug|Any CPU
		{0051E042-013B-4159-9F2C-786C71C3C4D4}.Release|Any CPU.ActiveCfg = Release|Any CPU
		{0051E042-013B-4159-9F2C-786C71C3C4D4}.Release|Any CPU.Build.0 = Release|Any CPU
		{149DA34B-1AB9-48E6-B2A2-8B288F7310CD}.Debug|Any CPU.ActiveCfg = Debug|Any CPU
		{149DA34B-1AB9-48E6-B2A2-8B288F7310CD}.Debug|Any CPU.Build.0 = Debug|Any CPU
		{149DA34B-1AB9-48E6-B2A2-8B288F7310CD}.Release|Any CPU.ActiveCfg = Release|Any CPU
		{149DA34B-1AB9-48E6-B2A2-8B288F7310CD}.Release|Any CPU.Build.0 = Release|Any CPU
		{694CB7C6-4CE1-49E0-8DA2-7CF5CD1BF943}.Debug|Any CPU.ActiveCfg = Debug|Any CPU
		{694CB7C6-4CE1-49E0-8DA2-7CF5CD1BF943}.Debug|Any CPU.Build.0 = Debug|Any CPU
		{694CB7C6-4CE1-49E0-8DA2-7CF5CD1BF943}.Release|Any CPU.ActiveCfg = Release|Any CPU
		{694CB7C6-4CE1-49E0-8DA2-7CF5CD1BF943}.Release|Any CPU.Build.0 = Release|Any CPU
		{0CA880DA-D7B8-4A5D-A93E-A06831204DE2}.Debug|Any CPU.ActiveCfg = Debug|Any CPU
		{0CA880DA-D7B8-4A5D-A93E-A06831204DE2}.Debug|Any CPU.Build.0 = Debug|Any CPU
		{0CA880DA-D7B8-4A5D-A93E-A06831204DE2}.Release|Any CPU.ActiveCfg = Release|Any CPU
		{0CA880DA-D7B8-4A5D-A93E-A06831204DE2}.Release|Any CPU.Build.0 = Release|Any CPU
		{B5E0BB04-8A6A-4CE7-9E66-A7A0950EDBA8}.Debug|Any CPU.ActiveCfg = Debug|Any CPU
		{B5E0BB04-8A6A-4CE7-9E66-A7A0950EDBA8}.Debug|Any CPU.Build.0 = Debug|Any CPU
		{B5E0BB04-8A6A-4CE7-9E66-A7A0950EDBA8}.Release|Any CPU.ActiveCfg = Release|Any CPU
		{B5E0BB04-8A6A-4CE7-9E66-A7A0950EDBA8}.Release|Any CPU.Build.0 = Release|Any CPU
		{38D3E90C-6AC8-427B-8A03-6D733303256D}.Debug|Any CPU.ActiveCfg = Debug|Any CPU
		{38D3E90C-6AC8-427B-8A03-6D733303256D}.Debug|Any CPU.Build.0 = Debug|Any CPU
		{38D3E90C-6AC8-427B-8A03-6D733303256D}.Release|Any CPU.ActiveCfg = Release|Any CPU
		{38D3E90C-6AC8-427B-8A03-6D733303256D}.Release|Any CPU.Build.0 = Release|Any CPU
		{36A25BE1-8D07-408F-AD6A-06BCD97CF52D}.Debug|Any CPU.ActiveCfg = Debug|Any CPU
		{36A25BE1-8D07-408F-AD6A-06BCD97CF52D}.Debug|Any CPU.Build.0 = Debug|Any CPU
		{36A25BE1-8D07-408F-AD6A-06BCD97CF52D}.Release|Any CPU.ActiveCfg = Release|Any CPU
		{36A25BE1-8D07-408F-AD6A-06BCD97CF52D}.Release|Any CPU.Build.0 = Release|Any CPU
		{E40CA65B-332A-4FF2-85CB-77FB33FC3540}.Debug|Any CPU.ActiveCfg = Debug|Any CPU
		{E40CA65B-332A-4FF2-85CB-77FB33FC3540}.Debug|Any CPU.Build.0 = Debug|Any CPU
		{E40CA65B-332A-4FF2-85CB-77FB33FC3540}.Release|Any CPU.ActiveCfg = Release|Any CPU
		{E40CA65B-332A-4FF2-85CB-77FB33FC3540}.Release|Any CPU.Build.0 = Release|Any CPU
		{23D29A0F-537D-40A4-8572-A57929327D35}.Debug|Any CPU.ActiveCfg = Debug|Any CPU
		{23D29A0F-537D-40A4-8572-A57929327D35}.Debug|Any CPU.Build.0 = Debug|Any CPU
		{23D29A0F-537D-40A4-8572-A57929327D35}.Release|Any CPU.ActiveCfg = Release|Any CPU
		{23D29A0F-537D-40A4-8572-A57929327D35}.Release|Any CPU.Build.0 = Release|Any CPU
		{1F27EF9E-CE3F-44DA-B281-6E0049F9B860}.Debug|Any CPU.ActiveCfg = Debug|Any CPU
		{1F27EF9E-CE3F-44DA-B281-6E0049F9B860}.Debug|Any CPU.Build.0 = Debug|Any CPU
		{1F27EF9E-CE3F-44DA-B281-6E0049F9B860}.Release|Any CPU.ActiveCfg = Release|Any CPU
		{1F27EF9E-CE3F-44DA-B281-6E0049F9B860}.Release|Any CPU.Build.0 = Release|Any CPU
		{8A8704D7-E8A7-4471-B7C1-32AFB591284D}.Debug|Any CPU.ActiveCfg = Debug|Any CPU
		{8A8704D7-E8A7-4471-B7C1-32AFB591284D}.Debug|Any CPU.Build.0 = Debug|Any CPU
		{8A8704D7-E8A7-4471-B7C1-32AFB591284D}.Release|Any CPU.ActiveCfg = Release|Any CPU
		{8A8704D7-E8A7-4471-B7C1-32AFB591284D}.Release|Any CPU.Build.0 = Release|Any CPU
		{08AF3BCB-D619-474E-B639-9F738363ED1C}.Debug|Any CPU.ActiveCfg = Debug|Any CPU
		{08AF3BCB-D619-474E-B639-9F738363ED1C}.Debug|Any CPU.Build.0 = Debug|Any CPU
		{08AF3BCB-D619-474E-B639-9F738363ED1C}.Release|Any CPU.ActiveCfg = Release|Any CPU
		{08AF3BCB-D619-474E-B639-9F738363ED1C}.Release|Any CPU.Build.0 = Release|Any CPU
		{D1742438-5BB6-4A99-9F47-5BCF96F053FA}.Debug|Any CPU.ActiveCfg = Debug|Any CPU
		{D1742438-5BB6-4A99-9F47-5BCF96F053FA}.Debug|Any CPU.Build.0 = Debug|Any CPU
		{D1742438-5BB6-4A99-9F47-5BCF96F053FA}.Release|Any CPU.ActiveCfg = Release|Any CPU
		{D1742438-5BB6-4A99-9F47-5BCF96F053FA}.Release|Any CPU.Build.0 = Release|Any CPU
		{70416F6B-6834-4773-8898-74D65A7A7FBC}.Debug|Any CPU.ActiveCfg = Debug|Any CPU
		{70416F6B-6834-4773-8898-74D65A7A7FBC}.Debug|Any CPU.Build.0 = Debug|Any CPU
		{70416F6B-6834-4773-8898-74D65A7A7FBC}.Release|Any CPU.ActiveCfg = Release|Any CPU
		{70416F6B-6834-4773-8898-74D65A7A7FBC}.Release|Any CPU.Build.0 = Release|Any CPU
		{343DD2B4-47DA-40A7-91B3-48439B0A3ED2}.Debug|Any CPU.ActiveCfg = Debug|Any CPU
		{343DD2B4-47DA-40A7-91B3-48439B0A3ED2}.Debug|Any CPU.Build.0 = Debug|Any CPU
		{343DD2B4-47DA-40A7-91B3-48439B0A3ED2}.Release|Any CPU.ActiveCfg = Release|Any CPU
		{343DD2B4-47DA-40A7-91B3-48439B0A3ED2}.Release|Any CPU.Build.0 = Release|Any CPU
		{C83A11F5-5EFC-41EE-8FB4-7FD0F199661E}.Debug|Any CPU.ActiveCfg = Debug|Any CPU
		{C83A11F5-5EFC-41EE-8FB4-7FD0F199661E}.Debug|Any CPU.Build.0 = Debug|Any CPU
		{C83A11F5-5EFC-41EE-8FB4-7FD0F199661E}.Release|Any CPU.ActiveCfg = Release|Any CPU
		{C83A11F5-5EFC-41EE-8FB4-7FD0F199661E}.Release|Any CPU.Build.0 = Release|Any CPU
		{D012FBD2-5360-4281-B50F-66CF90D1D48B}.Debug|Any CPU.ActiveCfg = Debug|Any CPU
		{D012FBD2-5360-4281-B50F-66CF90D1D48B}.Debug|Any CPU.Build.0 = Debug|Any CPU
		{D012FBD2-5360-4281-B50F-66CF90D1D48B}.Release|Any CPU.ActiveCfg = Release|Any CPU
		{D012FBD2-5360-4281-B50F-66CF90D1D48B}.Release|Any CPU.Build.0 = Release|Any CPU
		{D2EBB393-D5B0-463A-AE9A-8899F6A97E3C}.Debug|Any CPU.ActiveCfg = Debug|Any CPU
		{D2EBB393-D5B0-463A-AE9A-8899F6A97E3C}.Debug|Any CPU.Build.0 = Debug|Any CPU
		{D2EBB393-D5B0-463A-AE9A-8899F6A97E3C}.Release|Any CPU.ActiveCfg = Release|Any CPU
		{D2EBB393-D5B0-463A-AE9A-8899F6A97E3C}.Release|Any CPU.Build.0 = Release|Any CPU
		{D10B5F87-9AF6-4C94-BD6B-8865AE544FA9}.Debug|Any CPU.ActiveCfg = Debug|Any CPU
		{D10B5F87-9AF6-4C94-BD6B-8865AE544FA9}.Debug|Any CPU.Build.0 = Debug|Any CPU
		{D10B5F87-9AF6-4C94-BD6B-8865AE544FA9}.Release|Any CPU.ActiveCfg = Release|Any CPU
		{D10B5F87-9AF6-4C94-BD6B-8865AE544FA9}.Release|Any CPU.Build.0 = Release|Any CPU
		{FD49C7FD-693E-496C-94F4-C6632FB6E768}.Debug|Any CPU.ActiveCfg = Debug|Any CPU
		{FD49C7FD-693E-496C-94F4-C6632FB6E768}.Debug|Any CPU.Build.0 = Debug|Any CPU
		{FD49C7FD-693E-496C-94F4-C6632FB6E768}.Release|Any CPU.ActiveCfg = Release|Any CPU
		{FD49C7FD-693E-496C-94F4-C6632FB6E768}.Release|Any CPU.Build.0 = Release|Any CPU
		{A317E6D3-AC2C-4489-B194-A28D6D2D8AFB}.Debug|Any CPU.ActiveCfg = Debug|Any CPU
		{A317E6D3-AC2C-4489-B194-A28D6D2D8AFB}.Debug|Any CPU.Build.0 = Debug|Any CPU
		{A317E6D3-AC2C-4489-B194-A28D6D2D8AFB}.Release|Any CPU.ActiveCfg = Release|Any CPU
		{A317E6D3-AC2C-4489-B194-A28D6D2D8AFB}.Release|Any CPU.Build.0 = Release|Any CPU
		{35D9A6DC-05FE-4D42-86FD-5429B7CE8247}.Debug|Any CPU.ActiveCfg = Debug|Any CPU
		{35D9A6DC-05FE-4D42-86FD-5429B7CE8247}.Debug|Any CPU.Build.0 = Debug|Any CPU
		{35D9A6DC-05FE-4D42-86FD-5429B7CE8247}.Release|Any CPU.ActiveCfg = Release|Any CPU
		{35D9A6DC-05FE-4D42-86FD-5429B7CE8247}.Release|Any CPU.Build.0 = Release|Any CPU
		{62E75117-6960-4871-BB99-E62C5866422E}.Debug|Any CPU.ActiveCfg = Debug|Any CPU
		{62E75117-6960-4871-BB99-E62C5866422E}.Debug|Any CPU.Build.0 = Debug|Any CPU
		{62E75117-6960-4871-BB99-E62C5866422E}.Release|Any CPU.ActiveCfg = Release|Any CPU
		{62E75117-6960-4871-BB99-E62C5866422E}.Release|Any CPU.Build.0 = Release|Any CPU
		{D90A5D9F-6C9D-4C51-B26B-E8CAE7F21A7F}.Debug|Any CPU.ActiveCfg = Debug|Any CPU
		{D90A5D9F-6C9D-4C51-B26B-E8CAE7F21A7F}.Debug|Any CPU.Build.0 = Debug|Any CPU
		{D90A5D9F-6C9D-4C51-B26B-E8CAE7F21A7F}.Release|Any CPU.ActiveCfg = Release|Any CPU
		{D90A5D9F-6C9D-4C51-B26B-E8CAE7F21A7F}.Release|Any CPU.Build.0 = Release|Any CPU
		{39A21329-7182-4FEA-BCE0-FAF941856D68}.Debug|Any CPU.ActiveCfg = Debug|Any CPU
		{39A21329-7182-4FEA-BCE0-FAF941856D68}.Debug|Any CPU.Build.0 = Debug|Any CPU
		{39A21329-7182-4FEA-BCE0-FAF941856D68}.Release|Any CPU.ActiveCfg = Release|Any CPU
		{39A21329-7182-4FEA-BCE0-FAF941856D68}.Release|Any CPU.Build.0 = Release|Any CPU
		{51FBA639-0E37-4BBC-8497-D6D35DB01E1B}.Debug|Any CPU.ActiveCfg = Debug|Any CPU
		{51FBA639-0E37-4BBC-8497-D6D35DB01E1B}.Debug|Any CPU.Build.0 = Debug|Any CPU
		{51FBA639-0E37-4BBC-8497-D6D35DB01E1B}.Release|Any CPU.ActiveCfg = Release|Any CPU
		{51FBA639-0E37-4BBC-8497-D6D35DB01E1B}.Release|Any CPU.Build.0 = Release|Any CPU
		{56B59821-52A5-41CC-BA63-0C1DB136C479}.Debug|Any CPU.ActiveCfg = Debug|Any CPU
		{56B59821-52A5-41CC-BA63-0C1DB136C479}.Debug|Any CPU.Build.0 = Debug|Any CPU
		{56B59821-52A5-41CC-BA63-0C1DB136C479}.Release|Any CPU.ActiveCfg = Release|Any CPU
		{56B59821-52A5-41CC-BA63-0C1DB136C479}.Release|Any CPU.Build.0 = Release|Any CPU
		{9CA22B5F-C042-479E-9B71-5CFA141B06D9}.Debug|Any CPU.ActiveCfg = Debug|Any CPU
		{9CA22B5F-C042-479E-9B71-5CFA141B06D9}.Debug|Any CPU.Build.0 = Debug|Any CPU
		{9CA22B5F-C042-479E-9B71-5CFA141B06D9}.Release|Any CPU.ActiveCfg = Release|Any CPU
		{9CA22B5F-C042-479E-9B71-5CFA141B06D9}.Release|Any CPU.Build.0 = Release|Any CPU
		{9EAC0027-B13C-400A-B67E-0366298A8C21}.Debug|Any CPU.ActiveCfg = Debug|Any CPU
		{9EAC0027-B13C-400A-B67E-0366298A8C21}.Debug|Any CPU.Build.0 = Debug|Any CPU
		{9EAC0027-B13C-400A-B67E-0366298A8C21}.Release|Any CPU.ActiveCfg = Release|Any CPU
		{9EAC0027-B13C-400A-B67E-0366298A8C21}.Release|Any CPU.Build.0 = Release|Any CPU
		{70B61684-2DF6-4AEC-8D51-D349819D4B1D}.Debug|Any CPU.ActiveCfg = Debug|Any CPU
		{70B61684-2DF6-4AEC-8D51-D349819D4B1D}.Debug|Any CPU.Build.0 = Debug|Any CPU
		{70B61684-2DF6-4AEC-8D51-D349819D4B1D}.Release|Any CPU.ActiveCfg = Release|Any CPU
		{70B61684-2DF6-4AEC-8D51-D349819D4B1D}.Release|Any CPU.Build.0 = Release|Any CPU
		{9C7C022C-BDFE-467D-A33C-81850BAE61C1}.Debug|Any CPU.ActiveCfg = Debug|Any CPU
		{9C7C022C-BDFE-467D-A33C-81850BAE61C1}.Debug|Any CPU.Build.0 = Debug|Any CPU
		{9C7C022C-BDFE-467D-A33C-81850BAE61C1}.Release|Any CPU.ActiveCfg = Release|Any CPU
		{9C7C022C-BDFE-467D-A33C-81850BAE61C1}.Release|Any CPU.Build.0 = Release|Any CPU
		{6594B56D-1A4E-4E7E-A2E0-FC66E4A55565}.Debug|Any CPU.ActiveCfg = Debug|Any CPU
		{6594B56D-1A4E-4E7E-A2E0-FC66E4A55565}.Debug|Any CPU.Build.0 = Debug|Any CPU
		{6594B56D-1A4E-4E7E-A2E0-FC66E4A55565}.Release|Any CPU.ActiveCfg = Release|Any CPU
		{6594B56D-1A4E-4E7E-A2E0-FC66E4A55565}.Release|Any CPU.Build.0 = Release|Any CPU
		{3C3182EF-5D33-46EF-85EF-280BF046916C}.Debug|Any CPU.ActiveCfg = Debug|Any CPU
		{3C3182EF-5D33-46EF-85EF-280BF046916C}.Debug|Any CPU.Build.0 = Debug|Any CPU
		{3C3182EF-5D33-46EF-85EF-280BF046916C}.Release|Any CPU.ActiveCfg = Release|Any CPU
		{3C3182EF-5D33-46EF-85EF-280BF046916C}.Release|Any CPU.Build.0 = Release|Any CPU
		{34BE3D68-0032-4888-B4E9-C8C2F597F4BF}.Debug|Any CPU.ActiveCfg = Debug|Any CPU
		{34BE3D68-0032-4888-B4E9-C8C2F597F4BF}.Debug|Any CPU.Build.0 = Debug|Any CPU
		{34BE3D68-0032-4888-B4E9-C8C2F597F4BF}.Release|Any CPU.ActiveCfg = Release|Any CPU
		{34BE3D68-0032-4888-B4E9-C8C2F597F4BF}.Release|Any CPU.Build.0 = Release|Any CPU
		{7929FBA5-1B9F-45C6-8697-AEB8A3703DDF}.Debug|Any CPU.ActiveCfg = Debug|Any CPU
		{7929FBA5-1B9F-45C6-8697-AEB8A3703DDF}.Debug|Any CPU.Build.0 = Debug|Any CPU
		{7929FBA5-1B9F-45C6-8697-AEB8A3703DDF}.Release|Any CPU.ActiveCfg = Release|Any CPU
		{7929FBA5-1B9F-45C6-8697-AEB8A3703DDF}.Release|Any CPU.Build.0 = Release|Any CPU
		{795EFF68-6C1C-4714-8654-75D8EAF76533}.Debug|Any CPU.ActiveCfg = Debug|Any CPU
		{795EFF68-6C1C-4714-8654-75D8EAF76533}.Debug|Any CPU.Build.0 = Debug|Any CPU
		{795EFF68-6C1C-4714-8654-75D8EAF76533}.Release|Any CPU.ActiveCfg = Release|Any CPU
		{795EFF68-6C1C-4714-8654-75D8EAF76533}.Release|Any CPU.Build.0 = Release|Any CPU
		{006F2F1E-8F20-4BED-806A-29357A3F7304}.Debug|Any CPU.ActiveCfg = Debug|Any CPU
		{006F2F1E-8F20-4BED-806A-29357A3F7304}.Debug|Any CPU.Build.0 = Debug|Any CPU
		{006F2F1E-8F20-4BED-806A-29357A3F7304}.Release|Any CPU.ActiveCfg = Release|Any CPU
		{006F2F1E-8F20-4BED-806A-29357A3F7304}.Release|Any CPU.Build.0 = Release|Any CPU
		{C177ECF4-31BD-4B17-A339-7F70B32B00AC}.Debug|Any CPU.ActiveCfg = Debug|Any CPU
		{C177ECF4-31BD-4B17-A339-7F70B32B00AC}.Debug|Any CPU.Build.0 = Debug|Any CPU
		{C177ECF4-31BD-4B17-A339-7F70B32B00AC}.Release|Any CPU.ActiveCfg = Release|Any CPU
		{C177ECF4-31BD-4B17-A339-7F70B32B00AC}.Release|Any CPU.Build.0 = Release|Any CPU
		{039953E6-6D0B-4DEE-BAC7-D21927CB4EF1}.Debug|Any CPU.ActiveCfg = Debug|Any CPU
		{039953E6-6D0B-4DEE-BAC7-D21927CB4EF1}.Debug|Any CPU.Build.0 = Debug|Any CPU
		{039953E6-6D0B-4DEE-BAC7-D21927CB4EF1}.Release|Any CPU.ActiveCfg = Release|Any CPU
		{039953E6-6D0B-4DEE-BAC7-D21927CB4EF1}.Release|Any CPU.Build.0 = Release|Any CPU
		{D24561F1-5BC5-44B1-85AA-CFE88316D280}.Debug|Any CPU.ActiveCfg = Debug|Any CPU
		{D24561F1-5BC5-44B1-85AA-CFE88316D280}.Debug|Any CPU.Build.0 = Debug|Any CPU
		{D24561F1-5BC5-44B1-85AA-CFE88316D280}.Release|Any CPU.ActiveCfg = Release|Any CPU
		{D24561F1-5BC5-44B1-85AA-CFE88316D280}.Release|Any CPU.Build.0 = Release|Any CPU
		{1EED5C8D-F793-4E2A-A7C1-B09BFF334358}.Debug|Any CPU.ActiveCfg = Debug|Any CPU
		{1EED5C8D-F793-4E2A-A7C1-B09BFF334358}.Debug|Any CPU.Build.0 = Debug|Any CPU
		{1EED5C8D-F793-4E2A-A7C1-B09BFF334358}.Release|Any CPU.ActiveCfg = Release|Any CPU
		{1EED5C8D-F793-4E2A-A7C1-B09BFF334358}.Release|Any CPU.Build.0 = Release|Any CPU
		{5EB0FEE9-77C3-417D-86F3-29E40153D23B}.Debug|Any CPU.ActiveCfg = Debug|Any CPU
		{5EB0FEE9-77C3-417D-86F3-29E40153D23B}.Debug|Any CPU.Build.0 = Debug|Any CPU
		{5EB0FEE9-77C3-417D-86F3-29E40153D23B}.Release|Any CPU.ActiveCfg = Release|Any CPU
		{5EB0FEE9-77C3-417D-86F3-29E40153D23B}.Release|Any CPU.Build.0 = Release|Any CPU
		{A305A64A-885D-4F0A-84A4-C44223390028}.Debug|Any CPU.ActiveCfg = Debug|Any CPU
		{A305A64A-885D-4F0A-84A4-C44223390028}.Debug|Any CPU.Build.0 = Debug|Any CPU
		{A305A64A-885D-4F0A-84A4-C44223390028}.Release|Any CPU.ActiveCfg = Release|Any CPU
		{A305A64A-885D-4F0A-84A4-C44223390028}.Release|Any CPU.Build.0 = Release|Any CPU
		{22ED4841-E03D-4129-99F2-B7349F44F12B}.Debug|Any CPU.ActiveCfg = Debug|Any CPU
		{22ED4841-E03D-4129-99F2-B7349F44F12B}.Debug|Any CPU.Build.0 = Debug|Any CPU
		{22ED4841-E03D-4129-99F2-B7349F44F12B}.Release|Any CPU.ActiveCfg = Release|Any CPU
		{22ED4841-E03D-4129-99F2-B7349F44F12B}.Release|Any CPU.Build.0 = Release|Any CPU
		{4BAB9647-F797-468C-9AC5-AF8DB3A0E624}.Debug|Any CPU.ActiveCfg = Debug|Any CPU
		{4BAB9647-F797-468C-9AC5-AF8DB3A0E624}.Debug|Any CPU.Build.0 = Debug|Any CPU
		{4BAB9647-F797-468C-9AC5-AF8DB3A0E624}.Release|Any CPU.ActiveCfg = Release|Any CPU
		{4BAB9647-F797-468C-9AC5-AF8DB3A0E624}.Release|Any CPU.Build.0 = Release|Any CPU
		{DE826A35-86D4-4E9D-B742-247E0934F424}.Debug|Any CPU.ActiveCfg = Debug|Any CPU
		{DE826A35-86D4-4E9D-B742-247E0934F424}.Debug|Any CPU.Build.0 = Debug|Any CPU
		{DE826A35-86D4-4E9D-B742-247E0934F424}.Release|Any CPU.ActiveCfg = Release|Any CPU
		{DE826A35-86D4-4E9D-B742-247E0934F424}.Release|Any CPU.Build.0 = Release|Any CPU
		{FF924169-3D47-40BF-9A7B-70E3585C4648}.Debug|Any CPU.ActiveCfg = Debug|Any CPU
		{FF924169-3D47-40BF-9A7B-70E3585C4648}.Debug|Any CPU.Build.0 = Debug|Any CPU
		{FF924169-3D47-40BF-9A7B-70E3585C4648}.Release|Any CPU.ActiveCfg = Release|Any CPU
		{FF924169-3D47-40BF-9A7B-70E3585C4648}.Release|Any CPU.Build.0 = Release|Any CPU
		{888B2017-AFFB-4AD9-8BA4-193DC7842A3A}.Debug|Any CPU.ActiveCfg = Debug|Any CPU
		{888B2017-AFFB-4AD9-8BA4-193DC7842A3A}.Debug|Any CPU.Build.0 = Debug|Any CPU
		{888B2017-AFFB-4AD9-8BA4-193DC7842A3A}.Release|Any CPU.ActiveCfg = Release|Any CPU
		{888B2017-AFFB-4AD9-8BA4-193DC7842A3A}.Release|Any CPU.Build.0 = Release|Any CPU
		{E3095D87-E077-44C1-89DC-B3D5F50C8A40}.Debug|Any CPU.ActiveCfg = Debug|Any CPU
		{E3095D87-E077-44C1-89DC-B3D5F50C8A40}.Debug|Any CPU.Build.0 = Debug|Any CPU
		{E3095D87-E077-44C1-89DC-B3D5F50C8A40}.Release|Any CPU.ActiveCfg = Release|Any CPU
		{E3095D87-E077-44C1-89DC-B3D5F50C8A40}.Release|Any CPU.Build.0 = Release|Any CPU
		{FAED916C-0215-4E62-82B2-88350B09DC40}.Debug|Any CPU.ActiveCfg = Debug|Any CPU
		{FAED916C-0215-4E62-82B2-88350B09DC40}.Debug|Any CPU.Build.0 = Debug|Any CPU
		{FAED916C-0215-4E62-82B2-88350B09DC40}.Release|Any CPU.ActiveCfg = Release|Any CPU
		{FAED916C-0215-4E62-82B2-88350B09DC40}.Release|Any CPU.Build.0 = Release|Any CPU
		{FF3E90C5-4E7C-49C0-80DF-A2626C96671D}.Debug|Any CPU.ActiveCfg = Debug|Any CPU
		{FF3E90C5-4E7C-49C0-80DF-A2626C96671D}.Debug|Any CPU.Build.0 = Debug|Any CPU
		{FF3E90C5-4E7C-49C0-80DF-A2626C96671D}.Release|Any CPU.ActiveCfg = Release|Any CPU
		{FF3E90C5-4E7C-49C0-80DF-A2626C96671D}.Release|Any CPU.Build.0 = Release|Any CPU
		{8F153674-7128-40B8-B18D-2FA4B33D9A4F}.Debug|Any CPU.ActiveCfg = Debug|Any CPU
		{8F153674-7128-40B8-B18D-2FA4B33D9A4F}.Debug|Any CPU.Build.0 = Debug|Any CPU
		{8F153674-7128-40B8-B18D-2FA4B33D9A4F}.Release|Any CPU.ActiveCfg = Release|Any CPU
		{8F153674-7128-40B8-B18D-2FA4B33D9A4F}.Release|Any CPU.Build.0 = Release|Any CPU
		{ADFF27CD-1FB8-4EF8-9F9A-278DB8BB384B}.Debug|Any CPU.ActiveCfg = Debug|Any CPU
		{ADFF27CD-1FB8-4EF8-9F9A-278DB8BB384B}.Debug|Any CPU.Build.0 = Debug|Any CPU
		{ADFF27CD-1FB8-4EF8-9F9A-278DB8BB384B}.Release|Any CPU.ActiveCfg = Release|Any CPU
		{ADFF27CD-1FB8-4EF8-9F9A-278DB8BB384B}.Release|Any CPU.Build.0 = Release|Any CPU
		{D0374E49-15B9-4AEB-A443-72F74AE946E1}.Debug|Any CPU.ActiveCfg = Debug|Any CPU
		{D0374E49-15B9-4AEB-A443-72F74AE946E1}.Debug|Any CPU.Build.0 = Debug|Any CPU
		{D0374E49-15B9-4AEB-A443-72F74AE946E1}.Release|Any CPU.ActiveCfg = Release|Any CPU
		{D0374E49-15B9-4AEB-A443-72F74AE946E1}.Release|Any CPU.Build.0 = Release|Any CPU
		{701B1459-F21F-41FB-88AE-22A4EA095273}.Debug|Any CPU.ActiveCfg = Debug|Any CPU
		{701B1459-F21F-41FB-88AE-22A4EA095273}.Debug|Any CPU.Build.0 = Debug|Any CPU
		{701B1459-F21F-41FB-88AE-22A4EA095273}.Release|Any CPU.ActiveCfg = Release|Any CPU
		{701B1459-F21F-41FB-88AE-22A4EA095273}.Release|Any CPU.Build.0 = Release|Any CPU
		{CA073EB1-1613-4C72-B6BC-28FD27E5C498}.Debug|Any CPU.ActiveCfg = Debug|Any CPU
		{CA073EB1-1613-4C72-B6BC-28FD27E5C498}.Debug|Any CPU.Build.0 = Debug|Any CPU
		{CA073EB1-1613-4C72-B6BC-28FD27E5C498}.Release|Any CPU.ActiveCfg = Release|Any CPU
		{CA073EB1-1613-4C72-B6BC-28FD27E5C498}.Release|Any CPU.Build.0 = Release|Any CPU
		{A005AC4E-2B29-410B-ACCE-1DB1B9457EE6}.Debug|Any CPU.ActiveCfg = Debug|Any CPU
		{A005AC4E-2B29-410B-ACCE-1DB1B9457EE6}.Debug|Any CPU.Build.0 = Debug|Any CPU
		{A005AC4E-2B29-410B-ACCE-1DB1B9457EE6}.Release|Any CPU.ActiveCfg = Release|Any CPU
		{A005AC4E-2B29-410B-ACCE-1DB1B9457EE6}.Release|Any CPU.Build.0 = Release|Any CPU
		{DF01DF36-33C3-442D-9A66-E6231AAC2EBC}.Debug|Any CPU.ActiveCfg = Debug|Any CPU
		{DF01DF36-33C3-442D-9A66-E6231AAC2EBC}.Debug|Any CPU.Build.0 = Debug|Any CPU
		{DF01DF36-33C3-442D-9A66-E6231AAC2EBC}.Release|Any CPU.ActiveCfg = Release|Any CPU
		{DF01DF36-33C3-442D-9A66-E6231AAC2EBC}.Release|Any CPU.Build.0 = Release|Any CPU
		{13D601FA-E6EB-47DB-AF24-F0EAB24E4790}.Debug|Any CPU.ActiveCfg = Debug|Any CPU
		{13D601FA-E6EB-47DB-AF24-F0EAB24E4790}.Debug|Any CPU.Build.0 = Debug|Any CPU
		{13D601FA-E6EB-47DB-AF24-F0EAB24E4790}.Release|Any CPU.ActiveCfg = Release|Any CPU
		{13D601FA-E6EB-47DB-AF24-F0EAB24E4790}.Release|Any CPU.Build.0 = Release|Any CPU
		{62ABB867-C762-416E-A247-FDBA08F17F5B}.Debug|Any CPU.ActiveCfg = Debug|Any CPU
		{62ABB867-C762-416E-A247-FDBA08F17F5B}.Debug|Any CPU.Build.0 = Debug|Any CPU
		{62ABB867-C762-416E-A247-FDBA08F17F5B}.Release|Any CPU.ActiveCfg = Release|Any CPU
		{62ABB867-C762-416E-A247-FDBA08F17F5B}.Release|Any CPU.Build.0 = Release|Any CPU
		{B80BAC88-9FDE-463C-828E-E696BAF38BFD}.Debug|Any CPU.ActiveCfg = Debug|Any CPU
		{B80BAC88-9FDE-463C-828E-E696BAF38BFD}.Debug|Any CPU.Build.0 = Debug|Any CPU
		{B80BAC88-9FDE-463C-828E-E696BAF38BFD}.Release|Any CPU.ActiveCfg = Release|Any CPU
		{B80BAC88-9FDE-463C-828E-E696BAF38BFD}.Release|Any CPU.Build.0 = Release|Any CPU
		{121E3810-79CE-4487-A94D-AD2E6D7C79BF}.Debug|Any CPU.ActiveCfg = Debug|Any CPU
		{121E3810-79CE-4487-A94D-AD2E6D7C79BF}.Debug|Any CPU.Build.0 = Debug|Any CPU
		{121E3810-79CE-4487-A94D-AD2E6D7C79BF}.Release|Any CPU.ActiveCfg = Release|Any CPU
		{121E3810-79CE-4487-A94D-AD2E6D7C79BF}.Release|Any CPU.Build.0 = Release|Any CPU
		{7A232F51-A1D8-4076-A06F-2C7700B4C146}.Debug|Any CPU.ActiveCfg = Debug|Any CPU
		{7A232F51-A1D8-4076-A06F-2C7700B4C146}.Debug|Any CPU.Build.0 = Debug|Any CPU
		{7A232F51-A1D8-4076-A06F-2C7700B4C146}.Release|Any CPU.ActiveCfg = Release|Any CPU
		{7A232F51-A1D8-4076-A06F-2C7700B4C146}.Release|Any CPU.Build.0 = Release|Any CPU
		{ABF77BD6-CC8C-4D3D-80D5-68208E545FE2}.Debug|Any CPU.ActiveCfg = Debug|Any CPU
		{ABF77BD6-CC8C-4D3D-80D5-68208E545FE2}.Debug|Any CPU.Build.0 = Debug|Any CPU
		{ABF77BD6-CC8C-4D3D-80D5-68208E545FE2}.Release|Any CPU.ActiveCfg = Release|Any CPU
		{ABF77BD6-CC8C-4D3D-80D5-68208E545FE2}.Release|Any CPU.Build.0 = Release|Any CPU
		{A84C851C-9E07-4C0D-A0D8-B6447487624A}.Debug|Any CPU.ActiveCfg = Debug|Any CPU
		{A84C851C-9E07-4C0D-A0D8-B6447487624A}.Debug|Any CPU.Build.0 = Debug|Any CPU
		{A84C851C-9E07-4C0D-A0D8-B6447487624A}.Release|Any CPU.ActiveCfg = Release|Any CPU
		{A84C851C-9E07-4C0D-A0D8-B6447487624A}.Release|Any CPU.Build.0 = Release|Any CPU
		{8090C48D-3215-49AF-88E6-0696B6AFE535}.Debug|Any CPU.ActiveCfg = Debug|Any CPU
		{8090C48D-3215-49AF-88E6-0696B6AFE535}.Debug|Any CPU.Build.0 = Debug|Any CPU
		{8090C48D-3215-49AF-88E6-0696B6AFE535}.Release|Any CPU.ActiveCfg = Release|Any CPU
		{8090C48D-3215-49AF-88E6-0696B6AFE535}.Release|Any CPU.Build.0 = Release|Any CPU
		{41D2FF8A-4D67-4134-A626-2CADA3986D7E}.Debug|Any CPU.ActiveCfg = Debug|Any CPU
		{41D2FF8A-4D67-4134-A626-2CADA3986D7E}.Debug|Any CPU.Build.0 = Debug|Any CPU
		{41D2FF8A-4D67-4134-A626-2CADA3986D7E}.Release|Any CPU.ActiveCfg = Release|Any CPU
		{41D2FF8A-4D67-4134-A626-2CADA3986D7E}.Release|Any CPU.Build.0 = Release|Any CPU
		{B026DF56-E684-4200-A236-7304F3F578CD}.Debug|Any CPU.ActiveCfg = Debug|Any CPU
		{B026DF56-E684-4200-A236-7304F3F578CD}.Debug|Any CPU.Build.0 = Debug|Any CPU
		{B026DF56-E684-4200-A236-7304F3F578CD}.Release|Any CPU.ActiveCfg = Release|Any CPU
		{B026DF56-E684-4200-A236-7304F3F578CD}.Release|Any CPU.Build.0 = Release|Any CPU
		{132E3036-5F23-480B-ABB6-9274567DA43F}.Debug|Any CPU.ActiveCfg = Debug|Any CPU
		{132E3036-5F23-480B-ABB6-9274567DA43F}.Debug|Any CPU.Build.0 = Debug|Any CPU
		{132E3036-5F23-480B-ABB6-9274567DA43F}.Release|Any CPU.ActiveCfg = Release|Any CPU
		{132E3036-5F23-480B-ABB6-9274567DA43F}.Release|Any CPU.Build.0 = Release|Any CPU
		{CD529813-7897-4AD9-A52F-256BF330002C}.Debug|Any CPU.ActiveCfg = Debug|Any CPU
		{CD529813-7897-4AD9-A52F-256BF330002C}.Debug|Any CPU.Build.0 = Debug|Any CPU
		{CD529813-7897-4AD9-A52F-256BF330002C}.Release|Any CPU.ActiveCfg = Release|Any CPU
		{CD529813-7897-4AD9-A52F-256BF330002C}.Release|Any CPU.Build.0 = Release|Any CPU
		{1D7A60D0-F494-4707-A6C1-826005DFEAC0}.Debug|Any CPU.ActiveCfg = Debug|Any CPU
		{1D7A60D0-F494-4707-A6C1-826005DFEAC0}.Debug|Any CPU.Build.0 = Debug|Any CPU
		{1D7A60D0-F494-4707-A6C1-826005DFEAC0}.Release|Any CPU.ActiveCfg = Release|Any CPU
		{1D7A60D0-F494-4707-A6C1-826005DFEAC0}.Release|Any CPU.Build.0 = Release|Any CPU
		{6C0E58E4-CC3E-4405-8D29-A2C15AF10F44}.Debug|Any CPU.ActiveCfg = Debug|Any CPU
		{6C0E58E4-CC3E-4405-8D29-A2C15AF10F44}.Debug|Any CPU.Build.0 = Debug|Any CPU
		{6C0E58E4-CC3E-4405-8D29-A2C15AF10F44}.Release|Any CPU.ActiveCfg = Release|Any CPU
		{6C0E58E4-CC3E-4405-8D29-A2C15AF10F44}.Release|Any CPU.Build.0 = Release|Any CPU
		{30B8AE9D-376A-4359-B282-1AB290B40ABC}.Debug|Any CPU.ActiveCfg = Debug|Any CPU
		{30B8AE9D-376A-4359-B282-1AB290B40ABC}.Debug|Any CPU.Build.0 = Debug|Any CPU
		{30B8AE9D-376A-4359-B282-1AB290B40ABC}.Release|Any CPU.ActiveCfg = Release|Any CPU
		{30B8AE9D-376A-4359-B282-1AB290B40ABC}.Release|Any CPU.Build.0 = Release|Any CPU
		{7E9A5B19-A821-4008-9700-C423AEC42424}.Debug|Any CPU.ActiveCfg = Debug|Any CPU
		{7E9A5B19-A821-4008-9700-C423AEC42424}.Debug|Any CPU.Build.0 = Debug|Any CPU
		{7E9A5B19-A821-4008-9700-C423AEC42424}.Release|Any CPU.ActiveCfg = Release|Any CPU
		{7E9A5B19-A821-4008-9700-C423AEC42424}.Release|Any CPU.Build.0 = Release|Any CPU
		{1EFF0D7B-452D-4F0D-874A-B1A9BB690089}.Debug|Any CPU.ActiveCfg = Debug|Any CPU
		{1EFF0D7B-452D-4F0D-874A-B1A9BB690089}.Debug|Any CPU.Build.0 = Debug|Any CPU
		{1EFF0D7B-452D-4F0D-874A-B1A9BB690089}.Release|Any CPU.ActiveCfg = Release|Any CPU
		{1EFF0D7B-452D-4F0D-874A-B1A9BB690089}.Release|Any CPU.Build.0 = Release|Any CPU
		{20C1B8DD-1E4C-41B2-B8B0-5457D104A735}.Debug|Any CPU.ActiveCfg = Debug|Any CPU
		{20C1B8DD-1E4C-41B2-B8B0-5457D104A735}.Debug|Any CPU.Build.0 = Debug|Any CPU
		{20C1B8DD-1E4C-41B2-B8B0-5457D104A735}.Release|Any CPU.ActiveCfg = Release|Any CPU
		{20C1B8DD-1E4C-41B2-B8B0-5457D104A735}.Release|Any CPU.Build.0 = Release|Any CPU
		{71EEFDE6-2FAB-499B-8075-F13427F9761A}.Debug|Any CPU.ActiveCfg = Debug|Any CPU
		{71EEFDE6-2FAB-499B-8075-F13427F9761A}.Debug|Any CPU.Build.0 = Debug|Any CPU
		{71EEFDE6-2FAB-499B-8075-F13427F9761A}.Release|Any CPU.ActiveCfg = Release|Any CPU
		{71EEFDE6-2FAB-499B-8075-F13427F9761A}.Release|Any CPU.Build.0 = Release|Any CPU
		{A184F1FE-D379-4778-A957-F90D07F7D9B5}.Debug|Any CPU.ActiveCfg = Debug|Any CPU
		{A184F1FE-D379-4778-A957-F90D07F7D9B5}.Debug|Any CPU.Build.0 = Debug|Any CPU
		{A184F1FE-D379-4778-A957-F90D07F7D9B5}.Release|Any CPU.ActiveCfg = Release|Any CPU
		{A184F1FE-D379-4778-A957-F90D07F7D9B5}.Release|Any CPU.Build.0 = Release|Any CPU
		{785DAF1B-82FE-4E9D-B9F9-901AD4C36F2A}.Debug|Any CPU.ActiveCfg = Debug|Any CPU
		{785DAF1B-82FE-4E9D-B9F9-901AD4C36F2A}.Debug|Any CPU.Build.0 = Debug|Any CPU
		{785DAF1B-82FE-4E9D-B9F9-901AD4C36F2A}.Release|Any CPU.ActiveCfg = Release|Any CPU
		{785DAF1B-82FE-4E9D-B9F9-901AD4C36F2A}.Release|Any CPU.Build.0 = Release|Any CPU
		{200757B3-8D3F-4D21-98A8-D38A853D6688}.Debug|Any CPU.ActiveCfg = Debug|Any CPU
		{200757B3-8D3F-4D21-98A8-D38A853D6688}.Debug|Any CPU.Build.0 = Debug|Any CPU
		{200757B3-8D3F-4D21-98A8-D38A853D6688}.Release|Any CPU.ActiveCfg = Release|Any CPU
		{200757B3-8D3F-4D21-98A8-D38A853D6688}.Release|Any CPU.Build.0 = Release|Any CPU
		{854BCF0E-4870-44C8-991D-E6653C6D3781}.Debug|Any CPU.ActiveCfg = Debug|Any CPU
		{854BCF0E-4870-44C8-991D-E6653C6D3781}.Debug|Any CPU.Build.0 = Debug|Any CPU
		{854BCF0E-4870-44C8-991D-E6653C6D3781}.Release|Any CPU.ActiveCfg = Release|Any CPU
		{854BCF0E-4870-44C8-991D-E6653C6D3781}.Release|Any CPU.Build.0 = Release|Any CPU
		{7DFF034E-2D39-49EA-9EC5-436AF1E346C8}.Debug|Any CPU.ActiveCfg = Debug|Any CPU
		{7DFF034E-2D39-49EA-9EC5-436AF1E346C8}.Debug|Any CPU.Build.0 = Debug|Any CPU
		{7DFF034E-2D39-49EA-9EC5-436AF1E346C8}.Release|Any CPU.ActiveCfg = Release|Any CPU
		{7DFF034E-2D39-49EA-9EC5-436AF1E346C8}.Release|Any CPU.Build.0 = Release|Any CPU
		{9BE65727-2783-4C22-A7E1-2A0CADC7E99C}.Debug|Any CPU.ActiveCfg = Debug|Any CPU
		{9BE65727-2783-4C22-A7E1-2A0CADC7E99C}.Debug|Any CPU.Build.0 = Debug|Any CPU
		{9BE65727-2783-4C22-A7E1-2A0CADC7E99C}.Release|Any CPU.ActiveCfg = Release|Any CPU
		{9BE65727-2783-4C22-A7E1-2A0CADC7E99C}.Release|Any CPU.Build.0 = Release|Any CPU
		{B2B97E73-8CC5-414D-864B-D4A87BAECE6F}.Debug|Any CPU.ActiveCfg = Debug|Any CPU
		{B2B97E73-8CC5-414D-864B-D4A87BAECE6F}.Debug|Any CPU.Build.0 = Debug|Any CPU
		{B2B97E73-8CC5-414D-864B-D4A87BAECE6F}.Release|Any CPU.ActiveCfg = Release|Any CPU
		{B2B97E73-8CC5-414D-864B-D4A87BAECE6F}.Release|Any CPU.Build.0 = Release|Any CPU
		{41B3E6A3-BE4B-4260-839B-BE7922DF5385}.Debug|Any CPU.ActiveCfg = Debug|Any CPU
		{41B3E6A3-BE4B-4260-839B-BE7922DF5385}.Debug|Any CPU.Build.0 = Debug|Any CPU
		{41B3E6A3-BE4B-4260-839B-BE7922DF5385}.Release|Any CPU.ActiveCfg = Release|Any CPU
		{41B3E6A3-BE4B-4260-839B-BE7922DF5385}.Release|Any CPU.Build.0 = Release|Any CPU
	EndGlobalSection
	GlobalSection(SolutionProperties) = preSolution
		HideSolutionNode = FALSE
	EndGlobalSection
	GlobalSection(NestedProjects) = preSolution
		{280DAA2E-709A-4B19-9915-6E71752545B5} = {C3DADA36-959F-446E-96B3-2AEA409EEB6A}
		{87E974DF-514A-4EA6-886A-18F1BCE2C050} = {C3DADA36-959F-446E-96B3-2AEA409EEB6A}
		{962B10AA-17A2-4D59-9D24-9BF64E933000} = {C3DADA36-959F-446E-96B3-2AEA409EEB6A}
		{48D1960B-CCD2-4D57-B22F-6F30C384B63A} = {C3DADA36-959F-446E-96B3-2AEA409EEB6A}
		{D89043EF-BE52-453A-A2FD-93F205D486FB} = {C3DADA36-959F-446E-96B3-2AEA409EEB6A}
		{69FDCE44-DFD7-4A1A-B3C6-A030BA74DFAF} = {D89043EF-BE52-453A-A2FD-93F205D486FB}
		{729D9F36-A831-4E6B-8199-753ACA56AEC5} = {D89043EF-BE52-453A-A2FD-93F205D486FB}
		{66ED1729-2C9D-4622-91A9-D8706A1E19E3} = {D89043EF-BE52-453A-A2FD-93F205D486FB}
		{96A57A2B-D70E-49D3-B411-868A5F5C6FD2} = {69FDCE44-DFD7-4A1A-B3C6-A030BA74DFAF}
		{9E3A0368-C283-438D-8E63-F4D0FFECD730} = {729D9F36-A831-4E6B-8199-753ACA56AEC5}
		{FDDD0DB9-7C4E-44F6-845A-9F62D81B59F8} = {729D9F36-A831-4E6B-8199-753ACA56AEC5}
		{A1ABCA33-A444-4E34-BA92-4EA839A1CAF6} = {66ED1729-2C9D-4622-91A9-D8706A1E19E3}
		{BB6BC5E2-5E75-4728-AC09-785D19522F59} = {66ED1729-2C9D-4622-91A9-D8706A1E19E3}
		{E6F0C930-F939-4789-8898-783E180CB4D3} = {66ED1729-2C9D-4622-91A9-D8706A1E19E3}
		{0523FD3D-3761-4962-8A1A-9CA15B2B2345} = {C3DADA36-959F-446E-96B3-2AEA409EEB6A}
		{40F87F44-2ADC-45E4-80E9-77F9790BB550} = {C3DADA36-959F-446E-96B3-2AEA409EEB6A}
		{0051E042-013B-4159-9F2C-786C71C3C4D4} = {C3DADA36-959F-446E-96B3-2AEA409EEB6A}
		{149DA34B-1AB9-48E6-B2A2-8B288F7310CD} = {C3DADA36-959F-446E-96B3-2AEA409EEB6A}
		{694CB7C6-4CE1-49E0-8DA2-7CF5CD1BF943} = {C3DADA36-959F-446E-96B3-2AEA409EEB6A}
		{0CA880DA-D7B8-4A5D-A93E-A06831204DE2} = {BD0D7B54-F07E-4079-A38D-F5A973E5E752}
		{B5E0BB04-8A6A-4CE7-9E66-A7A0950EDBA8} = {BD0D7B54-F07E-4079-A38D-F5A973E5E752}
		{38D3E90C-6AC8-427B-8A03-6D733303256D} = {BD0D7B54-F07E-4079-A38D-F5A973E5E752}
		{36A25BE1-8D07-408F-AD6A-06BCD97CF52D} = {BD0D7B54-F07E-4079-A38D-F5A973E5E752}
		{E40CA65B-332A-4FF2-85CB-77FB33FC3540} = {BD0D7B54-F07E-4079-A38D-F5A973E5E752}
		{23D29A0F-537D-40A4-8572-A57929327D35} = {BD0D7B54-F07E-4079-A38D-F5A973E5E752}
		{1F27EF9E-CE3F-44DA-B281-6E0049F9B860} = {BD0D7B54-F07E-4079-A38D-F5A973E5E752}
		{8A8704D7-E8A7-4471-B7C1-32AFB591284D} = {BD0D7B54-F07E-4079-A38D-F5A973E5E752}
		{08AF3BCB-D619-474E-B639-9F738363ED1C} = {BD0D7B54-F07E-4079-A38D-F5A973E5E752}
		{D1742438-5BB6-4A99-9F47-5BCF96F053FA} = {BD0D7B54-F07E-4079-A38D-F5A973E5E752}
		{70416F6B-6834-4773-8898-74D65A7A7FBC} = {1986A7BE-98D2-437D-9BE7-DAACB653D476}
		{343DD2B4-47DA-40A7-91B3-48439B0A3ED2} = {1986A7BE-98D2-437D-9BE7-DAACB653D476}
		{C83A11F5-5EFC-41EE-8FB4-7FD0F199661E} = {1986A7BE-98D2-437D-9BE7-DAACB653D476}
		{D012FBD2-5360-4281-B50F-66CF90D1D48B} = {1986A7BE-98D2-437D-9BE7-DAACB653D476}
		{D2EBB393-D5B0-463A-AE9A-8899F6A97E3C} = {1986A7BE-98D2-437D-9BE7-DAACB653D476}
		{D10B5F87-9AF6-4C94-BD6B-8865AE544FA9} = {1986A7BE-98D2-437D-9BE7-DAACB653D476}
		{FD49C7FD-693E-496C-94F4-C6632FB6E768} = {1986A7BE-98D2-437D-9BE7-DAACB653D476}
		{A317E6D3-AC2C-4489-B194-A28D6D2D8AFB} = {1986A7BE-98D2-437D-9BE7-DAACB653D476}
		{35D9A6DC-05FE-4D42-86FD-5429B7CE8247} = {1986A7BE-98D2-437D-9BE7-DAACB653D476}
		{48815373-9762-4151-85F1-927ABCF11D60} = {1986A7BE-98D2-437D-9BE7-DAACB653D476}
		{62E75117-6960-4871-BB99-E62C5866422E} = {48815373-9762-4151-85F1-927ABCF11D60}
		{D90A5D9F-6C9D-4C51-B26B-E8CAE7F21A7F} = {48815373-9762-4151-85F1-927ABCF11D60}
		{39A21329-7182-4FEA-BCE0-FAF941856D68} = {8AA8CA3E-8A53-4E0F-A330-94A0A0E1B4D8}
		{51FBA639-0E37-4BBC-8497-D6D35DB01E1B} = {8AA8CA3E-8A53-4E0F-A330-94A0A0E1B4D8}
		{56B59821-52A5-41CC-BA63-0C1DB136C479} = {8AA8CA3E-8A53-4E0F-A330-94A0A0E1B4D8}
		{9CA22B5F-C042-479E-9B71-5CFA141B06D9} = {8AA8CA3E-8A53-4E0F-A330-94A0A0E1B4D8}
		{9EAC0027-B13C-400A-B67E-0366298A8C21} = {8AA8CA3E-8A53-4E0F-A330-94A0A0E1B4D8}
		{70B61684-2DF6-4AEC-8D51-D349819D4B1D} = {8AA8CA3E-8A53-4E0F-A330-94A0A0E1B4D8}
		{9C7C022C-BDFE-467D-A33C-81850BAE61C1} = {8AA8CA3E-8A53-4E0F-A330-94A0A0E1B4D8}
		{6594B56D-1A4E-4E7E-A2E0-FC66E4A55565} = {8AA8CA3E-8A53-4E0F-A330-94A0A0E1B4D8}
		{3C3182EF-5D33-46EF-85EF-280BF046916C} = {8AA8CA3E-8A53-4E0F-A330-94A0A0E1B4D8}
		{34BE3D68-0032-4888-B4E9-C8C2F597F4BF} = {8AA8CA3E-8A53-4E0F-A330-94A0A0E1B4D8}
		{7929FBA5-1B9F-45C6-8697-AEB8A3703DDF} = {F0CDCF62-3E6F-468E-8B24-A077BB641F7C}
		{795EFF68-6C1C-4714-8654-75D8EAF76533} = {F0CDCF62-3E6F-468E-8B24-A077BB641F7C}
		{006F2F1E-8F20-4BED-806A-29357A3F7304} = {F0CDCF62-3E6F-468E-8B24-A077BB641F7C}
		{C177ECF4-31BD-4B17-A339-7F70B32B00AC} = {F0CDCF62-3E6F-468E-8B24-A077BB641F7C}
		{039953E6-6D0B-4DEE-BAC7-D21927CB4EF1} = {F0CDCF62-3E6F-468E-8B24-A077BB641F7C}
		{D24561F1-5BC5-44B1-85AA-CFE88316D280} = {F0CDCF62-3E6F-468E-8B24-A077BB641F7C}
		{1EED5C8D-F793-4E2A-A7C1-B09BFF334358} = {F0CDCF62-3E6F-468E-8B24-A077BB641F7C}
		{5EB0FEE9-77C3-417D-86F3-29E40153D23B} = {F0CDCF62-3E6F-468E-8B24-A077BB641F7C}
		{A305A64A-885D-4F0A-84A4-C44223390028} = {F0CDCF62-3E6F-468E-8B24-A077BB641F7C}
		{22ED4841-E03D-4129-99F2-B7349F44F12B} = {C205DC34-5BEF-4845-96E9-72223E908234}
		{4BAB9647-F797-468C-9AC5-AF8DB3A0E624} = {C205DC34-5BEF-4845-96E9-72223E908234}
		{DE826A35-86D4-4E9D-B742-247E0934F424} = {C205DC34-5BEF-4845-96E9-72223E908234}
		{FF924169-3D47-40BF-9A7B-70E3585C4648} = {C205DC34-5BEF-4845-96E9-72223E908234}
		{888B2017-AFFB-4AD9-8BA4-193DC7842A3A} = {C205DC34-5BEF-4845-96E9-72223E908234}
		{E3095D87-E077-44C1-89DC-B3D5F50C8A40} = {C205DC34-5BEF-4845-96E9-72223E908234}
		{FAED916C-0215-4E62-82B2-88350B09DC40} = {C205DC34-5BEF-4845-96E9-72223E908234}
		{FF3E90C5-4E7C-49C0-80DF-A2626C96671D} = {C205DC34-5BEF-4845-96E9-72223E908234}
		{8F153674-7128-40B8-B18D-2FA4B33D9A4F} = {C205DC34-5BEF-4845-96E9-72223E908234}
		{ADFF27CD-1FB8-4EF8-9F9A-278DB8BB384B} = {F0CDCF62-3E6F-468E-8B24-A077BB641F7C}
		{D0374E49-15B9-4AEB-A443-72F74AE946E1} = {BA3FCF1E-DCA1-4929-A257-0D9F4663F00F}
		{701B1459-F21F-41FB-88AE-22A4EA095273} = {BA3FCF1E-DCA1-4929-A257-0D9F4663F00F}
		{CA073EB1-1613-4C72-B6BC-28FD27E5C498} = {BA3FCF1E-DCA1-4929-A257-0D9F4663F00F}
		{A005AC4E-2B29-410B-ACCE-1DB1B9457EE6} = {BA3FCF1E-DCA1-4929-A257-0D9F4663F00F}
		{DF01DF36-33C3-442D-9A66-E6231AAC2EBC} = {BA3FCF1E-DCA1-4929-A257-0D9F4663F00F}
		{13D601FA-E6EB-47DB-AF24-F0EAB24E4790} = {BA3FCF1E-DCA1-4929-A257-0D9F4663F00F}
		{62ABB867-C762-416E-A247-FDBA08F17F5B} = {BA3FCF1E-DCA1-4929-A257-0D9F4663F00F}
		{B80BAC88-9FDE-463C-828E-E696BAF38BFD} = {BA3FCF1E-DCA1-4929-A257-0D9F4663F00F}
		{121E3810-79CE-4487-A94D-AD2E6D7C79BF} = {BA3FCF1E-DCA1-4929-A257-0D9F4663F00F}
		{7A232F51-A1D8-4076-A06F-2C7700B4C146} = {BA3FCF1E-DCA1-4929-A257-0D9F4663F00F}
		{ABF77BD6-CC8C-4D3D-80D5-68208E545FE2} = {C205DC34-5BEF-4845-96E9-72223E908234}
		{A84C851C-9E07-4C0D-A0D8-B6447487624A} = {FC57C175-656B-422B-92F7-5C15B0DED452}
		{8090C48D-3215-49AF-88E6-0696B6AFE535} = {FC57C175-656B-422B-92F7-5C15B0DED452}
		{41D2FF8A-4D67-4134-A626-2CADA3986D7E} = {FC57C175-656B-422B-92F7-5C15B0DED452}
		{B026DF56-E684-4200-A236-7304F3F578CD} = {FC57C175-656B-422B-92F7-5C15B0DED452}
		{132E3036-5F23-480B-ABB6-9274567DA43F} = {FC57C175-656B-422B-92F7-5C15B0DED452}
		{CD529813-7897-4AD9-A52F-256BF330002C} = {FC57C175-656B-422B-92F7-5C15B0DED452}
		{1D7A60D0-F494-4707-A6C1-826005DFEAC0} = {FC57C175-656B-422B-92F7-5C15B0DED452}
		{6C0E58E4-CC3E-4405-8D29-A2C15AF10F44} = {FC57C175-656B-422B-92F7-5C15B0DED452}
		{30B8AE9D-376A-4359-B282-1AB290B40ABC} = {FC57C175-656B-422B-92F7-5C15B0DED452}
		{7E9A5B19-A821-4008-9700-C423AEC42424} = {FC57C175-656B-422B-92F7-5C15B0DED452}
		{1EFF0D7B-452D-4F0D-874A-B1A9BB690089} = {151A4006-1C48-425B-9121-1159CA482072}
		{20C1B8DD-1E4C-41B2-B8B0-5457D104A735} = {151A4006-1C48-425B-9121-1159CA482072}
		{71EEFDE6-2FAB-499B-8075-F13427F9761A} = {151A4006-1C48-425B-9121-1159CA482072}
		{A184F1FE-D379-4778-A957-F90D07F7D9B5} = {151A4006-1C48-425B-9121-1159CA482072}
		{785DAF1B-82FE-4E9D-B9F9-901AD4C36F2A} = {151A4006-1C48-425B-9121-1159CA482072}
		{200757B3-8D3F-4D21-98A8-D38A853D6688} = {151A4006-1C48-425B-9121-1159CA482072}
		{854BCF0E-4870-44C8-991D-E6653C6D3781} = {151A4006-1C48-425B-9121-1159CA482072}
		{7DFF034E-2D39-49EA-9EC5-436AF1E346C8} = {151A4006-1C48-425B-9121-1159CA482072}
		{9BE65727-2783-4C22-A7E1-2A0CADC7E99C} = {151A4006-1C48-425B-9121-1159CA482072}
		{39FCC9CB-46C1-42B9-AB89-3DAB93B0AA97} = {151A4006-1C48-425B-9121-1159CA482072}
		{B2B97E73-8CC5-414D-864B-D4A87BAECE6F} = {39FCC9CB-46C1-42B9-AB89-3DAB93B0AA97}
		{41B3E6A3-BE4B-4260-839B-BE7922DF5385} = {39FCC9CB-46C1-42B9-AB89-3DAB93B0AA97}
	EndGlobalSection
	GlobalSection(ExtensibilityGlobals) = postSolution
		SolutionGuid = {C9719B9D-01B0-477D-BF44-96E8ADCCD4F9}
	EndGlobalSection
EndGlobal
